// !$*UTF8*$!
{
	archiveVersion = 1;
	classes = {
	};
	objectVersion = 56;
	objects = {

/* Begin PBXBuildFile section */
		E50607E32AA5DF660083311B /* 0041.first-missing-positive.swift in Sources */ = {isa = PBXBuildFile; fileRef = E50607E22AA5DF660083311B /* 0041.first-missing-positive.swift */; };
		E50608122AA876A90083311B /* 0865.smallest-subtree-with-all-the-deepest-nodes.swift in Sources */ = {isa = PBXBuildFile; fileRef = E50608112AA876A90083311B /* 0865.smallest-subtree-with-all-the-deepest-nodes.swift */; };
		E50608142AA965CF0083311B /* 2594.minimum-time-to-repair-cars.swift in Sources */ = {isa = PBXBuildFile; fileRef = E50608132AA965CF0083311B /* 2594.minimum-time-to-repair-cars.swift */; };
		E50608162AA973E40083311B /* 2439.minimize-maximum-of-array.swift in Sources */ = {isa = PBXBuildFile; fileRef = E50608152AA973E40083311B /* 2439.minimize-maximum-of-array.swift */; };
		E50608182AA97CF60083311B /* 2226.maximum-candies-allocated-to-k-children.swift in Sources */ = {isa = PBXBuildFile; fileRef = E50608172AA97CF60083311B /* 2226.maximum-candies-allocated-to-k-children.swift */; };
		E506081A2AA980BA0083311B /* 2187.minimum-time-to-complete-trips.swift in Sources */ = {isa = PBXBuildFile; fileRef = E50608192AA980BA0083311B /* 2187.minimum-time-to-complete-trips.swift */; };
		E506081C2AA9A43F0083311B /* 0878.nth-magical-number.swift in Sources */ = {isa = PBXBuildFile; fileRef = E506081B2AA9A43F0083311B /* 0878.nth-magical-number.swift */; };
		E52E1B1B2A9C38CE008DFCF8 /* 0228.summary-ranges.swift in Sources */ = {isa = PBXBuildFile; fileRef = E52E1B1A2A9C38CE008DFCF8 /* 0228.summary-ranges.swift */; };
		E52E1B1D2A9C7082008DFCF8 /* 0056.merge-intervals.swift in Sources */ = {isa = PBXBuildFile; fileRef = E52E1B1C2A9C7082008DFCF8 /* 0056.merge-intervals.swift */; };
		E52E1B1F2A9C73B3008DFCF8 /* 0057.insert-interval.swift in Sources */ = {isa = PBXBuildFile; fileRef = E52E1B1E2A9C73B3008DFCF8 /* 0057.insert-interval.swift */; };
		E52E1B212A9C812F008DFCF8 /* 0124.binary-tree-maximum-path-sum.swift in Sources */ = {isa = PBXBuildFile; fileRef = E52E1B202A9C812F008DFCF8 /* 0124.binary-tree-maximum-path-sum.swift */; };
		E52E1B232A9C8A10008DFCF8 /* 0515.find-largest-value-in-each-tree-row.swift in Sources */ = {isa = PBXBuildFile; fileRef = E52E1B222A9C8A10008DFCF8 /* 0515.find-largest-value-in-each-tree-row.swift */; };
		E52E1B252A9C9838008DFCF8 /* 0226.invert-binary-tree.swift in Sources */ = {isa = PBXBuildFile; fileRef = E52E1B242A9C9838008DFCF8 /* 0226.invert-binary-tree.swift */; };
		E52E1B272A9C9A36008DFCF8 /* 0116.populating-next-right-pointers-in-each-node.swift in Sources */ = {isa = PBXBuildFile; fileRef = E52E1B262A9C9A36008DFCF8 /* 0116.populating-next-right-pointers-in-each-node.swift */; };
		E52E1B292A9C9AC0008DFCF8 /* Node.swift in Sources */ = {isa = PBXBuildFile; fileRef = E52E1B282A9C9AC0008DFCF8 /* Node.swift */; };
		E52E1B2B2A9CA4A7008DFCF8 /* 0114.flatten-binary-tree-to-linked-list.swift in Sources */ = {isa = PBXBuildFile; fileRef = E52E1B2A2A9CA4A7008DFCF8 /* 0114.flatten-binary-tree-to-linked-list.swift */; };
		E52E1B2D2A9D858D008DFCF8 /* 0823.binary-trees-with-factors.swift in Sources */ = {isa = PBXBuildFile; fileRef = E52E1B2C2A9D858D008DFCF8 /* 0823.binary-trees-with-factors.swift */; };
		E52E1B2F2A9D9BAD008DFCF8 /* 0007.reverse-integer.swift in Sources */ = {isa = PBXBuildFile; fileRef = E52E1B2E2A9D9BAD008DFCF8 /* 0007.reverse-integer.swift */; };
		E52E1B312A9D9BF9008DFCF8 /* 0008.string-to-integer-atoi.swift in Sources */ = {isa = PBXBuildFile; fileRef = E52E1B302A9D9BF9008DFCF8 /* 0008.string-to-integer-atoi.swift */; };
		E52E1B332A9D9C74008DFCF8 /* 0010.regular-expression-matching.swift in Sources */ = {isa = PBXBuildFile; fileRef = E52E1B322A9D9C74008DFCF8 /* 0010.regular-expression-matching.swift */; };
		E52E1B352A9DCB66008DFCF8 /* 0654.maximum-binary-tree.swift in Sources */ = {isa = PBXBuildFile; fileRef = E52E1B342A9DCB66008DFCF8 /* 0654.maximum-binary-tree.swift */; };
		E52E1B372A9DCC16008DFCF8 /* 0105.construct-binary-tree-from-preorder-and-inorder-traversal.swift in Sources */ = {isa = PBXBuildFile; fileRef = E52E1B362A9DCC16008DFCF8 /* 0105.construct-binary-tree-from-preorder-and-inorder-traversal.swift */; };
		E52E1B392A9DD913008DFCF8 /* 0106.construct-binary-tree-from-inorder-and-postorder-traversal.swift in Sources */ = {isa = PBXBuildFile; fileRef = E52E1B382A9DD913008DFCF8 /* 0106.construct-binary-tree-from-inorder-and-postorder-traversal.swift */; };
		E52E1B3B2A9DDAC5008DFCF8 /* 0889.construct-binary-tree-from-preorder-and-postorder-traversal.swift in Sources */ = {isa = PBXBuildFile; fileRef = E52E1B3A2A9DDAC5008DFCF8 /* 0889.construct-binary-tree-from-preorder-and-postorder-traversal.swift */; };
		E52E1B3D2A9DF3AD008DFCF8 /* 0652.find-duplicate-subtrees.swift in Sources */ = {isa = PBXBuildFile; fileRef = E52E1B3C2A9DF3AD008DFCF8 /* 0652.find-duplicate-subtrees.swift */; };
		E54FC5C12A8C9ADD001768B8 /* 2682.find-the-losers-of-the-circular-game.swift in Sources */ = {isa = PBXBuildFile; fileRef = E54FC5C02A8C9ADD001768B8 /* 2682.find-the-losers-of-the-circular-game.swift */; };
		E54FC5C32A8CACA9001768B8 /* 0004.median-of-two-sorted-arrays.swift in Sources */ = {isa = PBXBuildFile; fileRef = E54FC5C22A8CACA9001768B8 /* 0004.median-of-two-sorted-arrays.swift */; };
		E54FC5C52A8CD1D1001768B8 /* 0303.range-sum-query-immutable.swift in Sources */ = {isa = PBXBuildFile; fileRef = E54FC5C42A8CD1D1001768B8 /* 0303.range-sum-query-immutable.swift */; };
		E54FC5C72A8DBCB0001768B8 /* 1444.number-of-ways-of-cutting-a-pizza.swift in Sources */ = {isa = PBXBuildFile; fileRef = E54FC5C62A8DBCB0001768B8 /* 1444.number-of-ways-of-cutting-a-pizza.swift */; };
		E54FC5C92A8E111E001768B8 /* 0304.range-sum-query-2d-immutable.swift in Sources */ = {isa = PBXBuildFile; fileRef = E54FC5C82A8E111E001768B8 /* 0304.range-sum-query-2d-immutable.swift */; };
		E54FC5CB2A8E1E29001768B8 /* 1094.car-pooling.swift in Sources */ = {isa = PBXBuildFile; fileRef = E54FC5CA2A8E1E29001768B8 /* 1094.car-pooling.swift */; };
		E54FC5CD2A8E20AC001768B8 /* 0370.range-addition.swift in Sources */ = {isa = PBXBuildFile; fileRef = E54FC5CC2A8E20AC001768B8 /* 0370.range-addition.swift */; };
		E54FC5CF2A8E22F3001768B8 /* 1109.corporate-flight-bookings.swift in Sources */ = {isa = PBXBuildFile; fileRef = E54FC5CE2A8E22F3001768B8 /* 1109.corporate-flight-bookings.swift */; };
		E54FC5D12A8F02EA001768B8 /* 1388.pizza-with-3n-slices.swift in Sources */ = {isa = PBXBuildFile; fileRef = E54FC5D02A8F02EA001768B8 /* 1388.pizza-with-3n-slices.swift */; };
		E54FC5D32A8F3CBA001768B8 /* 0798.smallest-rotation-with-highest-score.swift in Sources */ = {isa = PBXBuildFile; fileRef = E54FC5D22A8F3CBA001768B8 /* 0798.smallest-rotation-with-highest-score.swift */; };
		E54FC5D52A8F4C19001768B8 /* 0048.rotate-image.swift in Sources */ = {isa = PBXBuildFile; fileRef = E54FC5D42A8F4C19001768B8 /* 0048.rotate-image.swift */; };
		E54FC5D72A8F4D6D001768B8 /* 0151.reverse-words-in-a-string.swift in Sources */ = {isa = PBXBuildFile; fileRef = E54FC5D62A8F4D6D001768B8 /* 0151.reverse-words-in-a-string.swift */; };
		E54FC5D92A8F56E8001768B8 /* 0054.spiral-matrix.swift in Sources */ = {isa = PBXBuildFile; fileRef = E54FC5D82A8F56E8001768B8 /* 0054.spiral-matrix.swift */; };
		E54FC5DB2A8F5BFC001768B8 /* 0059.spiral-matrix-ii.swift in Sources */ = {isa = PBXBuildFile; fileRef = E54FC5DA2A8F5BFC001768B8 /* 0059.spiral-matrix-ii.swift */; };
		E54FC5DD2A8F6967001768B8 /* 0006.zigzag-conversion.swift in Sources */ = {isa = PBXBuildFile; fileRef = E54FC5DC2A8F6967001768B8 /* 0006.zigzag-conversion.swift */; };
		E54FC5DF2A935C61001768B8 /* 0015.3sum.swift in Sources */ = {isa = PBXBuildFile; fileRef = E54FC5DE2A935C61001768B8 /* 0015.3sum.swift */; };
		E54FC5E12A94585B001768B8 /* 0020.valid-parentheses.swift in Sources */ = {isa = PBXBuildFile; fileRef = E54FC5E02A94585B001768B8 /* 0020.valid-parentheses.swift */; };
		E54FC5E32A945F5D001768B8 /* 0070.climbing-stairs.swift in Sources */ = {isa = PBXBuildFile; fileRef = E54FC5E22A945F5D001768B8 /* 0070.climbing-stairs.swift */; };
		E54FC5E52A9465C4001768B8 /* 0055.jump-game.swift in Sources */ = {isa = PBXBuildFile; fileRef = E54FC5E42A9465C4001768B8 /* 0055.jump-game.swift */; };
		E54FC5E72A946625001768B8 /* 0849.maximize-distance-to-closest-person.swift in Sources */ = {isa = PBXBuildFile; fileRef = E54FC5E62A946625001768B8 /* 0849.maximize-distance-to-closest-person.swift */; };
		E54FC5E92A94923A001768B8 /* 0198.house-robber.swift in Sources */ = {isa = PBXBuildFile; fileRef = E54FC5E82A94923A001768B8 /* 0198.house-robber.swift */; };
		E54FC5EB2A949BD9001768B8 /* 0213.house-robber-ii.swift in Sources */ = {isa = PBXBuildFile; fileRef = E54FC5EA2A949BD9001768B8 /* 0213.house-robber-ii.swift */; };
		E54FC5ED2A949D92001768B8 /* 0337.house-robber-iii.swift in Sources */ = {isa = PBXBuildFile; fileRef = E54FC5EC2A949D92001768B8 /* 0337.house-robber-iii.swift */; };
		E54FC5EF2A94A788001768B8 /* 0118.pascals-triangle.swift in Sources */ = {isa = PBXBuildFile; fileRef = E54FC5EE2A94A788001768B8 /* 0118.pascals-triangle.swift */; };
		E54FC5F12A94BE78001768B8 /* 0018.4sum.swift in Sources */ = {isa = PBXBuildFile; fileRef = E54FC5F02A94BE78001768B8 /* 0018.4sum.swift */; };
		E54FC5F32A95A882001768B8 /* 2237.move-pieces-to-obtain-a-string.swift in Sources */ = {isa = PBXBuildFile; fileRef = E54FC5F22A95A882001768B8 /* 2237.move-pieces-to-obtain-a-string.swift */; };
		E54FC5F52A95AE47001768B8 /* 1782.count-pairs-of-nodes.swift in Sources */ = {isa = PBXBuildFile; fileRef = E54FC5F42A95AE47001768B8 /* 1782.count-pairs-of-nodes.swift */; };
		E54FC5F72A95DA3A001768B8 /* 0187.repeated-dna-sequences.swift in Sources */ = {isa = PBXBuildFile; fileRef = E54FC5F62A95DA3A001768B8 /* 0187.repeated-dna-sequences.swift */; };
		E54FC5F92A95E20C001768B8 /* 0028.find-the-index-of-the-first-occurrence-in-a-string:description.swift in Sources */ = {isa = PBXBuildFile; fileRef = E54FC5F82A95E20C001768B8 /* 0028.find-the-index-of-the-first-occurrence-in-a-string:description.swift */; };
		E54FC5FB2A95F443001768B8 /* 0528.random-pick-with-weight.swift in Sources */ = {isa = PBXBuildFile; fileRef = E54FC5FA2A95F443001768B8 /* 0528.random-pick-with-weight.swift */; };
		E54FC5FD2A960EC5001768B8 /* 0875.koko-eating-bananas.swift in Sources */ = {isa = PBXBuildFile; fileRef = E54FC5FC2A960EC5001768B8 /* 0875.koko-eating-bananas.swift */; };
		E54FC5FF2A96131A001768B8 /* 1011.capacity-to-ship-packages-within-d-days.swift in Sources */ = {isa = PBXBuildFile; fileRef = E54FC5FE2A96131A001768B8 /* 1011.capacity-to-ship-packages-within-d-days.swift */; };
		E54FC6012A96FD15001768B8 /* 0410.split-array-largest-sum.swift in Sources */ = {isa = PBXBuildFile; fileRef = E54FC6002A96FD15001768B8 /* 0410.split-array-largest-sum.swift */; };
		E54FC6032A970A27001768B8 /* 1267.count-servers-that-communicate.swift in Sources */ = {isa = PBXBuildFile; fileRef = E54FC6022A970A27001768B8 /* 1267.count-servers-that-communicate.swift */; };
		E54FC6052A970E88001768B8 /* 0870.advantage-shuffle.swift in Sources */ = {isa = PBXBuildFile; fileRef = E54FC6042A970E88001768B8 /* 0870.advantage-shuffle.swift */; };
		E54FC6212A97347D001768B8 /* swift_algorithm_tests.swift in Sources */ = {isa = PBXBuildFile; fileRef = E54FC6202A97347D001768B8 /* swift_algorithm_tests.swift */; };
		E54FC6292A9735D3001768B8 /* 0001.two-sum-Tests.swift in Sources */ = {isa = PBXBuildFile; fileRef = E54FC6272A9735CB001768B8 /* 0001.two-sum-Tests.swift */; };
		E54FC62C2A973931001768B8 /* TestUtilities.swift in Sources */ = {isa = PBXBuildFile; fileRef = E54FC62A2A973803001768B8 /* TestUtilities.swift */; };
		E54FC62E2A973C39001768B8 /* 0380.insert-delete-getrandom-o1.swift in Sources */ = {isa = PBXBuildFile; fileRef = E54FC62D2A973C39001768B8 /* 0380.insert-delete-getrandom-o1.swift */; };
		E54FC6302A973C94001768B8 /* Difference.swift in Sources */ = {isa = PBXBuildFile; fileRef = E54FC62F2A973C94001768B8 /* Difference.swift */; };
		E54FC6322A974043001768B8 /* 0710.random-pick-with-blacklist.swift in Sources */ = {isa = PBXBuildFile; fileRef = E54FC6312A974043001768B8 /* 0710.random-pick-with-blacklist.swift */; };
		E54FC6342A974875001768B8 /* 0316.remove-duplicate-letters.swift in Sources */ = {isa = PBXBuildFile; fileRef = E54FC6332A974875001768B8 /* 0316.remove-duplicate-letters.swift */; };
		E5512CC62A78E6CD00602494 /* ListNode.swift in Sources */ = {isa = PBXBuildFile; fileRef = E5512CC42A78E6CD00602494 /* ListNode.swift */; };
		E5512CC72A78E6CD00602494 /* main.swift in Sources */ = {isa = PBXBuildFile; fileRef = E5512CC52A78E6CD00602494 /* main.swift */; };
		E5512CD02A7A451000602494 /* 0001.two-sum.swift in Sources */ = {isa = PBXBuildFile; fileRef = E5512CCF2A7A451000602494 /* 0001.two-sum.swift */; };
		E5512CD32A7A456800602494 /* Solution.swift in Sources */ = {isa = PBXBuildFile; fileRef = E5512CD22A7A456800602494 /* Solution.swift */; };
		E5512CD52A7A461A00602494 /* 0005.longest-palindromic-substring.swift in Sources */ = {isa = PBXBuildFile; fileRef = E5512CD42A7A461A00602494 /* 0005.longest-palindromic-substring.swift */; };
		E5512CD72A7A465D00602494 /* 0009.palindrome-number.swift in Sources */ = {isa = PBXBuildFile; fileRef = E5512CD62A7A465D00602494 /* 0009.palindrome-number.swift */; };
		E5512CD92A7A4ABD00602494 /* TreeNode.swift in Sources */ = {isa = PBXBuildFile; fileRef = E5512CD82A7A4ABD00602494 /* TreeNode.swift */; };
		E5512CDB2A7B401000602494 /* 0104.maximum-depth-of-binary-tree.swift in Sources */ = {isa = PBXBuildFile; fileRef = E5512CDA2A7B401000602494 /* 0104.maximum-depth-of-binary-tree.swift */; };
		E5512CDD2A7B472D00602494 /* 0144.binary-tree-preorder-traversal.swift in Sources */ = {isa = PBXBuildFile; fileRef = E5512CDC2A7B472D00602494 /* 0144.binary-tree-preorder-traversal.swift */; };
		E5512CDF2A7B875F00602494 /* 0543.diameter-of-binary-tree.swift in Sources */ = {isa = PBXBuildFile; fileRef = E5512CDE2A7B875F00602494 /* 0543.diameter-of-binary-tree.swift */; };
		E5512CE12A7C9CA100602494 /* 0509.fibonacci-number.swift in Sources */ = {isa = PBXBuildFile; fileRef = E5512CE02A7C9CA100602494 /* 0509.fibonacci-number.swift */; };
		E5512CE32A7CD09E00602494 /* 0322.coin-change.swift in Sources */ = {isa = PBXBuildFile; fileRef = E5512CE22A7CD09E00602494 /* 0322.coin-change.swift */; };
		E5512CE52A7CF0AD00602494 /* 0320.generalized-abbreviation.swift in Sources */ = {isa = PBXBuildFile; fileRef = E5512CE42A7CF0AD00602494 /* 0320.generalized-abbreviation.swift */; };
		E5512CE72A7CF0FA00602494 /* 0314.binary-tree-vertical-order-traversal.swift in Sources */ = {isa = PBXBuildFile; fileRef = E5512CE62A7CF0FA00602494 /* 0314.binary-tree-vertical-order-traversal.swift */; };
		E5512CE92A7CF9CF00602494 /* 0046.permutations.swift in Sources */ = {isa = PBXBuildFile; fileRef = E5512CE82A7CF9CF00602494 /* 0046.permutations.swift */; };
		E5512CEB2A808CDA00602494 /* 0037.sudoku-solver.swift in Sources */ = {isa = PBXBuildFile; fileRef = E5512CEA2A808CDA00602494 /* 0037.sudoku-solver.swift */; };
		E5512CED2A808CFB00602494 /* 0051.n-queens.swift in Sources */ = {isa = PBXBuildFile; fileRef = E5512CEC2A808CFB00602494 /* 0051.n-queens.swift */; };
		E5512CF02A80C2E900602494 /* 0003.longest-substring-without-repeating-characters.swift in Sources */ = {isa = PBXBuildFile; fileRef = E5512CEF2A80C2E900602494 /* 0003.longest-substring-without-repeating-characters.swift */; };
		E5512CF22A80CA6600602494 /* 0078.subsets.swift in Sources */ = {isa = PBXBuildFile; fileRef = E5512CF12A80CA6600602494 /* 0078.subsets.swift */; };
		E5512CF42A80D38100602494 /* 0077.combinations.swift in Sources */ = {isa = PBXBuildFile; fileRef = E5512CF32A80D38100602494 /* 0077.combinations.swift */; };
		E5512CF62A80DB9300602494 /* 0090.subsets-ii.swift in Sources */ = {isa = PBXBuildFile; fileRef = E5512CF52A80DB9300602494 /* 0090.subsets-ii.swift */; };
		E5512CF82A80DCE600602494 /* 0040.combination-sum-ii.swift in Sources */ = {isa = PBXBuildFile; fileRef = E5512CF72A80DCE600602494 /* 0040.combination-sum-ii.swift */; };
		E5512CFA2A80E27A00602494 /* 0047.permutations-ii.swift in Sources */ = {isa = PBXBuildFile; fileRef = E5512CF92A80E27A00602494 /* 0047.permutations-ii.swift */; };
		E5512CFC2A80E2C700602494 /* 0039.combination-sum.swift in Sources */ = {isa = PBXBuildFile; fileRef = E5512CFB2A80E2C700602494 /* 0039.combination-sum.swift */; };
		E5512CFE2A80E39B00602494 /* 0021.merge-two-sorted-lists.swift in Sources */ = {isa = PBXBuildFile; fileRef = E5512CFD2A80E39B00602494 /* 0021.merge-two-sorted-lists.swift */; };
		E5512D002A80E42F00602494 /* 0026.remove-duplicates-from-sorted-array.swift in Sources */ = {isa = PBXBuildFile; fileRef = E5512CFF2A80E42F00602494 /* 0026.remove-duplicates-from-sorted-array.swift */; };
		E5512D022A80E46400602494 /* 0027.remove-element.swift in Sources */ = {isa = PBXBuildFile; fileRef = E5512D012A80E46400602494 /* 0027.remove-element.swift */; };
		E5512D042A80E4C600602494 /* 0035.search-insert-position.swift in Sources */ = {isa = PBXBuildFile; fileRef = E5512D032A80E4C600602494 /* 0035.search-insert-position.swift */; };
		E5512D062A80E59500602494 /* 0052.n-queens-ii.swift in Sources */ = {isa = PBXBuildFile; fileRef = E5512D052A80E59500602494 /* 0052.n-queens-ii.swift */; };
		E5512D082A80E63400602494 /* 0083.remove-duplicates-from-sorted-list.swift in Sources */ = {isa = PBXBuildFile; fileRef = E5512D072A80E63400602494 /* 0083.remove-duplicates-from-sorted-list.swift */; };
		E5512D0A2A80E7AC00602494 /* 0160.intersection-of-two-linked-lists.swift in Sources */ = {isa = PBXBuildFile; fileRef = E5512D092A80E7AC00602494 /* 0160.intersection-of-two-linked-lists.swift */; };
		E5512D0C2A80E7E800602494 /* 0167.two-sum-ii-input-array-is-sorted.swift in Sources */ = {isa = PBXBuildFile; fileRef = E5512D0B2A80E7E800602494 /* 0167.two-sum-ii-input-array-is-sorted.swift */; };
		E5512D0E2A80FD4200602494 /* 0111.minimum-depth-of-binary-tree.swift in Sources */ = {isa = PBXBuildFile; fileRef = E5512D0D2A80FD4200602494 /* 0111.minimum-depth-of-binary-tree.swift */; };
		E5512D102A81DAF800602494 /* 0088.merge-sorted-array.swift in Sources */ = {isa = PBXBuildFile; fileRef = E5512D0F2A81DAF800602494 /* 0088.merge-sorted-array.swift */; };
		E5512D122A81EC8700602494 /* 0189.rotate-array.swift in Sources */ = {isa = PBXBuildFile; fileRef = E5512D112A81EC8700602494 /* 0189.rotate-array.swift */; };
		E5512D142A822C5600602494 /* 0121.best-time-to-buy-and-sell-stock.swift in Sources */ = {isa = PBXBuildFile; fileRef = E5512D132A822C5600602494 /* 0121.best-time-to-buy-and-sell-stock.swift */; };
		E5512D162A8238B400602494 /* 0122.best-time-to-buy-and-sell-stock-ii.swift in Sources */ = {isa = PBXBuildFile; fileRef = E5512D152A8238B400602494 /* 0122.best-time-to-buy-and-sell-stock-ii.swift */; };
		E5512D1B2A82429A00602494 /* 1749.maximum-absolute-sum-of-any-subarray.swift in Sources */ = {isa = PBXBuildFile; fileRef = E5512D1A2A82429A00602494 /* 1749.maximum-absolute-sum-of-any-subarray.swift */; };
		E5512D1D2A82434E00602494 /* 0053.maximum-subarray.swift in Sources */ = {isa = PBXBuildFile; fileRef = E5512D1C2A82434E00602494 /* 0053.maximum-subarray.swift */; };
		E5512D1F2A8246D400602494 /* 0752.open-the-lock.swift in Sources */ = {isa = PBXBuildFile; fileRef = E5512D1E2A8246D400602494 /* 0752.open-the-lock.swift */; };
		E5512D212A8361EE00602494 /* 1281.subtract-the-product-and-sum-of-digits-of-an-integer.swift in Sources */ = {isa = PBXBuildFile; fileRef = E5512D202A8361EE00602494 /* 1281.subtract-the-product-and-sum-of-digits-of-an-integer.swift */; };
		E5512D232A8364E000602494 /* 0034.find-first-and-last-position-of-element-in-sorted-array.swift in Sources */ = {isa = PBXBuildFile; fileRef = E5512D222A8364E000602494 /* 0034.find-first-and-last-position-of-element-in-sorted-array.swift */; };
		E57677922A837C2D00B6F386 /* 0076.minimum-window-substring.swift in Sources */ = {isa = PBXBuildFile; fileRef = E57677912A837C2D00B6F386 /* 0076.minimum-window-substring.swift */; };
		E57677942A838B4A00B6F386 /* 0567.permutation-in-string.swift in Sources */ = {isa = PBXBuildFile; fileRef = E57677932A838B4A00B6F386 /* 0567.permutation-in-string.swift */; };
		E57677962A847BA500B6F386 /* 0438.find-all-anagrams-in-a-string.swift in Sources */ = {isa = PBXBuildFile; fileRef = E57677952A847BA500B6F386 /* 0438.find-all-anagrams-in-a-string.swift */; };
		E57677982A84BB1F00B6F386 /* 0188.best-time-to-buy-and-sell-stock-iv.swift in Sources */ = {isa = PBXBuildFile; fileRef = E57677972A84BB1F00B6F386 /* 0188.best-time-to-buy-and-sell-stock-iv.swift */; };
		E576779A2A84BB7100B6F386 /* 0123.best-time-to-buy-and-sell-stock-iii.swift in Sources */ = {isa = PBXBuildFile; fileRef = E57677992A84BB7100B6F386 /* 0123.best-time-to-buy-and-sell-stock-iii.swift */; };
		E576779C2A84BDD500B6F386 /* 0042.trapping-rain-water.swift in Sources */ = {isa = PBXBuildFile; fileRef = E576779B2A84BDD500B6F386 /* 0042.trapping-rain-water.swift */; };
		E576779E2A84C2DB00B6F386 /* 0002.add-two-numbers.swift in Sources */ = {isa = PBXBuildFile; fileRef = E576779D2A84C2DB00B6F386 /* 0002.add-two-numbers.swift */; };
		E57677A02A84C57C00B6F386 /* 0082.remove-duplicates-from-sorted-list-ii.swift in Sources */ = {isa = PBXBuildFile; fileRef = E576779F2A84C57C00B6F386 /* 0082.remove-duplicates-from-sorted-list-ii.swift */; };
		E57677A22A84C5DE00B6F386 /* 0094.binary-tree-inorder-traversal.swift in Sources */ = {isa = PBXBuildFile; fileRef = E57677A12A84C5DE00B6F386 /* 0094.binary-tree-inorder-traversal.swift */; };
		E57677A42A84C6B400B6F386 /* 0145.binary-tree-postorder-traversal.swift in Sources */ = {isa = PBXBuildFile; fileRef = E57677A32A84C6B400B6F386 /* 0145.binary-tree-postorder-traversal.swift */; };
		E57677A62A84C77300B6F386 /* 0283.move-zeroes.swift in Sources */ = {isa = PBXBuildFile; fileRef = E57677A52A84C77300B6F386 /* 0283.move-zeroes.swift */; };
		E57677A82A84C7D400B6F386 /* 0344.reverse-string.swift in Sources */ = {isa = PBXBuildFile; fileRef = E57677A72A84C7D400B6F386 /* 0344.reverse-string.swift */; };
		E57677AA2A84C8F100B6F386 /* 0704.binary-search.swift in Sources */ = {isa = PBXBuildFile; fileRef = E57677A92A84C8F100B6F386 /* 0704.binary-search.swift */; };
		E57677AE2A85E07A00B6F386 /* 0309.best-time-to-buy-and-sell-stock-with-cooldown.swift in Sources */ = {isa = PBXBuildFile; fileRef = E57677AD2A85E07A00B6F386 /* 0309.best-time-to-buy-and-sell-stock-with-cooldown.swift */; };
		E57677B02A85E71C00B6F386 /* 0714.best-time-to-buy-and-sell-stock-with-transaction-fee.swift in Sources */ = {isa = PBXBuildFile; fileRef = E57677AF2A85E71C00B6F386 /* 0714.best-time-to-buy-and-sell-stock-with-transaction-fee.swift */; };
		E57677B22A86225B00B6F386 /* 0011.container-with-most-water.swift in Sources */ = {isa = PBXBuildFile; fileRef = E57677B12A86225B00B6F386 /* 0011.container-with-most-water.swift */; };
		E57677B42A86302800B6F386 /* 1572.matrix-diagonal-sum.swift in Sources */ = {isa = PBXBuildFile; fileRef = E57677B32A86302800B6F386 /* 1572.matrix-diagonal-sum.swift */; };
		E57677B62A89C4F900B6F386 /* 0617.merge-two-binary-trees.swift in Sources */ = {isa = PBXBuildFile; fileRef = E57677B52A89C4F900B6F386 /* 0617.merge-two-binary-trees.swift */; };
		E57677B82A89C9C500B6F386 /* 0086.partition-list.swift in Sources */ = {isa = PBXBuildFile; fileRef = E57677B72A89C9C500B6F386 /* 0086.partition-list.swift */; };
		E57677BA2A89CD2800B6F386 /* 0023.merge-k-sorted-lists.swift in Sources */ = {isa = PBXBuildFile; fileRef = E57677B92A89CD2800B6F386 /* 0023.merge-k-sorted-lists.swift */; };
		E5801B7C2A89D4EA0088B018 /* Heap.swift in Sources */ = {isa = PBXBuildFile; fileRef = E5801B7B2A89D4EA0088B018 /* Heap.swift */; };
		E5801B7E2A89F8870088B018 /* 0019.remove-nth-node-from-end-of-list.swift in Sources */ = {isa = PBXBuildFile; fileRef = E5801B7D2A89F8870088B018 /* 0019.remove-nth-node-from-end-of-list.swift */; };
		E5801B802A89FEA00088B018 /* 0876.middle-of-the-linked-list.swift in Sources */ = {isa = PBXBuildFile; fileRef = E5801B7F2A89FEA00088B018 /* 0876.middle-of-the-linked-list.swift */; };
		E5801B822A89FFE40088B018 /* 0142.linked-list-cycle-ii.swift in Sources */ = {isa = PBXBuildFile; fileRef = E5801B812A89FFE40088B018 /* 0142.linked-list-cycle-ii.swift */; };
		E5801B842A8A00260088B018 /* 0141.linked-list-cycle.swift in Sources */ = {isa = PBXBuildFile; fileRef = E5801B832A8A00260088B018 /* 0141.linked-list-cycle.swift */; };
		E5801B862A8A1AFA0088B018 /* 0092.reverse-linked-list-ii.swift in Sources */ = {isa = PBXBuildFile; fileRef = E5801B852A8A1AFA0088B018 /* 0092.reverse-linked-list-ii.swift */; };
		E5801B882A8A1CDA0088B018 /* 0206.reverse-linked-list.swift in Sources */ = {isa = PBXBuildFile; fileRef = E5801B872A8A1CDA0088B018 /* 0206.reverse-linked-list.swift */; };
		E580B8592AA098A400020F4D /* 0493.reverse-pairs.swift in Sources */ = {isa = PBXBuildFile; fileRef = E580B8582AA098A400020F4D /* 0493.reverse-pairs.swift */; };
		E580B85B2AA1896F00020F4D /* 0327.count-of-range-sum.swift in Sources */ = {isa = PBXBuildFile; fileRef = E580B85A2AA1896F00020F4D /* 0327.count-of-range-sum.swift */; };
		E580B85D2AA1B9E600020F4D /* 0230.kth-smallest-element-in-a-bst.swift in Sources */ = {isa = PBXBuildFile; fileRef = E580B85C2AA1B9E600020F4D /* 0230.kth-smallest-element-in-a-bst.swift */; };
		E580B85F2AA1BCE400020F4D /* 2240.number-of-ways-to-buy-pens-and-pencils.swift in Sources */ = {isa = PBXBuildFile; fileRef = E580B85E2AA1BCE400020F4D /* 2240.number-of-ways-to-buy-pens-and-pencils.swift */; };
		E580B8612AA1C1A300020F4D /* 0538.convert-bst-to-greater-tree.swift in Sources */ = {isa = PBXBuildFile; fileRef = E580B8602AA1C1A300020F4D /* 0538.convert-bst-to-greater-tree.swift */; };
		E580B8632AA1C1D400020F4D /* 1038.binary-search-tree-to-greater-sum-tree.swift in Sources */ = {isa = PBXBuildFile; fileRef = E580B8622AA1C1D400020F4D /* 1038.binary-search-tree-to-greater-sum-tree.swift */; };
		E580B8652AA1C58600020F4D /* 0098.validate-binary-search-tree.swift in Sources */ = {isa = PBXBuildFile; fileRef = E580B8642AA1C58600020F4D /* 0098.validate-binary-search-tree.swift */; };
		E580B8672AA1C7F700020F4D /* 0700.search-in-a-binary-search-tree.swift in Sources */ = {isa = PBXBuildFile; fileRef = E580B8662AA1C7F700020F4D /* 0700.search-in-a-binary-search-tree.swift */; };
		E580B8692AA1D55B00020F4D /* 0450.delete-node-in-a-bst.swift in Sources */ = {isa = PBXBuildFile; fileRef = E580B8682AA1D55B00020F4D /* 0450.delete-node-in-a-bst.swift */; };
		E580B86B2AA1D5A100020F4D /* 0701.insert-into-a-binary-search-tree.swift in Sources */ = {isa = PBXBuildFile; fileRef = E580B86A2AA1D5A100020F4D /* 0701.insert-into-a-binary-search-tree.swift */; };
		E580B86D2AA1E7CD00020F4D /* 0096.unique-binary-search-trees.swift in Sources */ = {isa = PBXBuildFile; fileRef = E580B86C2AA1E7CD00020F4D /* 0096.unique-binary-search-trees.swift */; };
		E580B86F2AA1E7F900020F4D /* 0095.unique-binary-search-trees-ii.swift in Sources */ = {isa = PBXBuildFile; fileRef = E580B86E2AA1E7F900020F4D /* 0095.unique-binary-search-trees-ii.swift */; };
		E580B8712AA583D300020F4D /* 1921.eliminate-maximum-number-of-monsters.swift in Sources */ = {isa = PBXBuildFile; fileRef = E580B8702AA583D300020F4D /* 1921.eliminate-maximum-number-of-monsters.swift */; };
		E5A9B1432A8B28C000099C3C /* 0025.reverse-nodes-in-k-group.swift in Sources */ = {isa = PBXBuildFile; fileRef = E5A9B1422A8B28C000099C3C /* 0025.reverse-nodes-in-k-group.swift */; };
		E5A9B1452A8B29CE00099C3C /* 0833.find-and-replace-in-string.swift in Sources */ = {isa = PBXBuildFile; fileRef = E5A9B1442A8B29CE00099C3C /* 0833.find-and-replace-in-string.swift */; };
		E5A9B1472A8B7A2200099C3C /* 0234.palindrome-linked-list.swift in Sources */ = {isa = PBXBuildFile; fileRef = E5A9B1462A8B7A2200099C3C /* 0234.palindrome-linked-list.swift */; };
		E5F07A3B2A9EEEC600CFA6BD /* 1654.minimum-jumps-to-reach-home.swift in Sources */ = {isa = PBXBuildFile; fileRef = E5F07A3A2A9EEEC600CFA6BD /* 1654.minimum-jumps-to-reach-home.swift */; };
		E5F07A3D2A9F2B4100CFA6BD /* 0297.serialize-and-deserialize-binary-tree.swift in Sources */ = {isa = PBXBuildFile; fileRef = E5F07A3C2A9F2B4100CFA6BD /* 0297.serialize-and-deserialize-binary-tree.swift */; };
		E5F07A3F2AA0318D00CFA6BD /* 1761.minimum-degree-of-a-connected-trio-in-a-graph:description.swift in Sources */ = {isa = PBXBuildFile; fileRef = E5F07A3E2AA0318D00CFA6BD /* 1761.minimum-degree-of-a-connected-trio-in-a-graph:description.swift */; };
		E5F07A412AA038F700CFA6BD /* 0315.count-of-smaller-numbers-after-self.swift in Sources */ = {isa = PBXBuildFile; fileRef = E5F07A402AA038F700CFA6BD /* 0315.count-of-smaller-numbers-after-self.swift */; };
		E5FB8FF82A974A6E002891F8 /* 0402.remove-k-digits.swift in Sources */ = {isa = PBXBuildFile; fileRef = E5FB8FF72A974A6E002891F8 /* 0402.remove-k-digits.swift */; };
		E5FB8FFA2A975DBE002891F8 /* 1081.smallest-subsequence-of-distinct-characters.swift in Sources */ = {isa = PBXBuildFile; fileRef = E5FB8FF92A975DBE002891F8 /* 1081.smallest-subsequence-of-distinct-characters.swift */; };
		E5FB8FFC2A97609D002891F8 /* 0912.sort-an-array.swift in Sources */ = {isa = PBXBuildFile; fileRef = E5FB8FFB2A97609D002891F8 /* 0912.sort-an-array.swift */; };
/* End PBXBuildFile section */

/* Begin PBXCopyFilesBuildPhase section */
		E5512CB62A78E67900602494 /* CopyFiles */ = {
			isa = PBXCopyFilesBuildPhase;
			buildActionMask = 2147483647;
			dstPath = /usr/share/man/man1/;
			dstSubfolderSpec = 0;
			files = (
			);
			runOnlyForDeploymentPostprocessing = 1;
		};
/* End PBXCopyFilesBuildPhase section */

/* Begin PBXFileReference section */
		E50607E22AA5DF660083311B /* 0041.first-missing-positive.swift */ = {isa = PBXFileReference; lastKnownFileType = sourcecode.swift; path = "0041.first-missing-positive.swift"; sourceTree = "<group>"; };
		E50608112AA876A90083311B /* 0865.smallest-subtree-with-all-the-deepest-nodes.swift */ = {isa = PBXFileReference; lastKnownFileType = sourcecode.swift; path = "0865.smallest-subtree-with-all-the-deepest-nodes.swift"; sourceTree = "<group>"; };
		E50608132AA965CF0083311B /* 2594.minimum-time-to-repair-cars.swift */ = {isa = PBXFileReference; lastKnownFileType = sourcecode.swift; path = "2594.minimum-time-to-repair-cars.swift"; sourceTree = "<group>"; };
		E50608152AA973E40083311B /* 2439.minimize-maximum-of-array.swift */ = {isa = PBXFileReference; lastKnownFileType = sourcecode.swift; path = "2439.minimize-maximum-of-array.swift"; sourceTree = "<group>"; };
		E50608172AA97CF60083311B /* 2226.maximum-candies-allocated-to-k-children.swift */ = {isa = PBXFileReference; lastKnownFileType = sourcecode.swift; path = "2226.maximum-candies-allocated-to-k-children.swift"; sourceTree = "<group>"; };
		E50608192AA980BA0083311B /* 2187.minimum-time-to-complete-trips.swift */ = {isa = PBXFileReference; lastKnownFileType = sourcecode.swift; path = "2187.minimum-time-to-complete-trips.swift"; sourceTree = "<group>"; };
		E506081B2AA9A43F0083311B /* 0878.nth-magical-number.swift */ = {isa = PBXFileReference; lastKnownFileType = sourcecode.swift; path = "0878.nth-magical-number.swift"; sourceTree = "<group>"; };
		E52E1B1A2A9C38CE008DFCF8 /* 0228.summary-ranges.swift */ = {isa = PBXFileReference; lastKnownFileType = sourcecode.swift; path = "0228.summary-ranges.swift"; sourceTree = "<group>"; };
		E52E1B1C2A9C7082008DFCF8 /* 0056.merge-intervals.swift */ = {isa = PBXFileReference; lastKnownFileType = sourcecode.swift; path = "0056.merge-intervals.swift"; sourceTree = "<group>"; };
		E52E1B1E2A9C73B3008DFCF8 /* 0057.insert-interval.swift */ = {isa = PBXFileReference; lastKnownFileType = sourcecode.swift; path = "0057.insert-interval.swift"; sourceTree = "<group>"; };
		E52E1B202A9C812F008DFCF8 /* 0124.binary-tree-maximum-path-sum.swift */ = {isa = PBXFileReference; lastKnownFileType = sourcecode.swift; path = "0124.binary-tree-maximum-path-sum.swift"; sourceTree = "<group>"; };
		E52E1B222A9C8A10008DFCF8 /* 0515.find-largest-value-in-each-tree-row.swift */ = {isa = PBXFileReference; lastKnownFileType = sourcecode.swift; path = "0515.find-largest-value-in-each-tree-row.swift"; sourceTree = "<group>"; };
		E52E1B242A9C9838008DFCF8 /* 0226.invert-binary-tree.swift */ = {isa = PBXFileReference; lastKnownFileType = sourcecode.swift; path = "0226.invert-binary-tree.swift"; sourceTree = "<group>"; };
		E52E1B262A9C9A36008DFCF8 /* 0116.populating-next-right-pointers-in-each-node.swift */ = {isa = PBXFileReference; lastKnownFileType = sourcecode.swift; path = "0116.populating-next-right-pointers-in-each-node.swift"; sourceTree = "<group>"; };
		E52E1B282A9C9AC0008DFCF8 /* Node.swift */ = {isa = PBXFileReference; lastKnownFileType = sourcecode.swift; path = Node.swift; sourceTree = "<group>"; };
		E52E1B2A2A9CA4A7008DFCF8 /* 0114.flatten-binary-tree-to-linked-list.swift */ = {isa = PBXFileReference; lastKnownFileType = sourcecode.swift; path = "0114.flatten-binary-tree-to-linked-list.swift"; sourceTree = "<group>"; };
		E52E1B2C2A9D858D008DFCF8 /* 0823.binary-trees-with-factors.swift */ = {isa = PBXFileReference; lastKnownFileType = sourcecode.swift; path = "0823.binary-trees-with-factors.swift"; sourceTree = "<group>"; };
		E52E1B2E2A9D9BAD008DFCF8 /* 0007.reverse-integer.swift */ = {isa = PBXFileReference; lastKnownFileType = sourcecode.swift; path = "0007.reverse-integer.swift"; sourceTree = "<group>"; };
		E52E1B302A9D9BF9008DFCF8 /* 0008.string-to-integer-atoi.swift */ = {isa = PBXFileReference; lastKnownFileType = sourcecode.swift; path = "0008.string-to-integer-atoi.swift"; sourceTree = "<group>"; };
		E52E1B322A9D9C74008DFCF8 /* 0010.regular-expression-matching.swift */ = {isa = PBXFileReference; lastKnownFileType = sourcecode.swift; path = "0010.regular-expression-matching.swift"; sourceTree = "<group>"; };
		E52E1B342A9DCB66008DFCF8 /* 0654.maximum-binary-tree.swift */ = {isa = PBXFileReference; lastKnownFileType = sourcecode.swift; path = "0654.maximum-binary-tree.swift"; sourceTree = "<group>"; };
		E52E1B362A9DCC16008DFCF8 /* 0105.construct-binary-tree-from-preorder-and-inorder-traversal.swift */ = {isa = PBXFileReference; lastKnownFileType = sourcecode.swift; path = "0105.construct-binary-tree-from-preorder-and-inorder-traversal.swift"; sourceTree = "<group>"; };
		E52E1B382A9DD913008DFCF8 /* 0106.construct-binary-tree-from-inorder-and-postorder-traversal.swift */ = {isa = PBXFileReference; lastKnownFileType = sourcecode.swift; path = "0106.construct-binary-tree-from-inorder-and-postorder-traversal.swift"; sourceTree = "<group>"; };
		E52E1B3A2A9DDAC5008DFCF8 /* 0889.construct-binary-tree-from-preorder-and-postorder-traversal.swift */ = {isa = PBXFileReference; lastKnownFileType = sourcecode.swift; path = "0889.construct-binary-tree-from-preorder-and-postorder-traversal.swift"; sourceTree = "<group>"; };
		E52E1B3C2A9DF3AD008DFCF8 /* 0652.find-duplicate-subtrees.swift */ = {isa = PBXFileReference; lastKnownFileType = sourcecode.swift; path = "0652.find-duplicate-subtrees.swift"; sourceTree = "<group>"; };
		E54FC5C02A8C9ADD001768B8 /* 2682.find-the-losers-of-the-circular-game.swift */ = {isa = PBXFileReference; lastKnownFileType = sourcecode.swift; path = "2682.find-the-losers-of-the-circular-game.swift"; sourceTree = "<group>"; };
		E54FC5C22A8CACA9001768B8 /* 0004.median-of-two-sorted-arrays.swift */ = {isa = PBXFileReference; lastKnownFileType = sourcecode.swift; path = "0004.median-of-two-sorted-arrays.swift"; sourceTree = "<group>"; };
		E54FC5C42A8CD1D1001768B8 /* 0303.range-sum-query-immutable.swift */ = {isa = PBXFileReference; lastKnownFileType = sourcecode.swift; path = "0303.range-sum-query-immutable.swift"; sourceTree = "<group>"; };
		E54FC5C62A8DBCB0001768B8 /* 1444.number-of-ways-of-cutting-a-pizza.swift */ = {isa = PBXFileReference; lastKnownFileType = sourcecode.swift; path = "1444.number-of-ways-of-cutting-a-pizza.swift"; sourceTree = "<group>"; };
		E54FC5C82A8E111E001768B8 /* 0304.range-sum-query-2d-immutable.swift */ = {isa = PBXFileReference; lastKnownFileType = sourcecode.swift; path = "0304.range-sum-query-2d-immutable.swift"; sourceTree = "<group>"; };
		E54FC5CA2A8E1E29001768B8 /* 1094.car-pooling.swift */ = {isa = PBXFileReference; lastKnownFileType = sourcecode.swift; path = "1094.car-pooling.swift"; sourceTree = "<group>"; };
		E54FC5CC2A8E20AC001768B8 /* 0370.range-addition.swift */ = {isa = PBXFileReference; lastKnownFileType = sourcecode.swift; path = "0370.range-addition.swift"; sourceTree = "<group>"; };
		E54FC5CE2A8E22F3001768B8 /* 1109.corporate-flight-bookings.swift */ = {isa = PBXFileReference; lastKnownFileType = sourcecode.swift; path = "1109.corporate-flight-bookings.swift"; sourceTree = "<group>"; };
		E54FC5D02A8F02EA001768B8 /* 1388.pizza-with-3n-slices.swift */ = {isa = PBXFileReference; lastKnownFileType = sourcecode.swift; path = "1388.pizza-with-3n-slices.swift"; sourceTree = "<group>"; };
		E54FC5D22A8F3CBA001768B8 /* 0798.smallest-rotation-with-highest-score.swift */ = {isa = PBXFileReference; lastKnownFileType = sourcecode.swift; path = "0798.smallest-rotation-with-highest-score.swift"; sourceTree = "<group>"; };
		E54FC5D42A8F4C19001768B8 /* 0048.rotate-image.swift */ = {isa = PBXFileReference; lastKnownFileType = sourcecode.swift; path = "0048.rotate-image.swift"; sourceTree = "<group>"; };
		E54FC5D62A8F4D6D001768B8 /* 0151.reverse-words-in-a-string.swift */ = {isa = PBXFileReference; lastKnownFileType = sourcecode.swift; path = "0151.reverse-words-in-a-string.swift"; sourceTree = "<group>"; };
		E54FC5D82A8F56E8001768B8 /* 0054.spiral-matrix.swift */ = {isa = PBXFileReference; lastKnownFileType = sourcecode.swift; path = "0054.spiral-matrix.swift"; sourceTree = "<group>"; };
		E54FC5DA2A8F5BFC001768B8 /* 0059.spiral-matrix-ii.swift */ = {isa = PBXFileReference; lastKnownFileType = sourcecode.swift; path = "0059.spiral-matrix-ii.swift"; sourceTree = "<group>"; };
		E54FC5DC2A8F6967001768B8 /* 0006.zigzag-conversion.swift */ = {isa = PBXFileReference; lastKnownFileType = sourcecode.swift; path = "0006.zigzag-conversion.swift"; sourceTree = "<group>"; };
		E54FC5DE2A935C61001768B8 /* 0015.3sum.swift */ = {isa = PBXFileReference; lastKnownFileType = sourcecode.swift; path = 0015.3sum.swift; sourceTree = "<group>"; };
		E54FC5E02A94585B001768B8 /* 0020.valid-parentheses.swift */ = {isa = PBXFileReference; lastKnownFileType = sourcecode.swift; path = "0020.valid-parentheses.swift"; sourceTree = "<group>"; };
		E54FC5E22A945F5D001768B8 /* 0070.climbing-stairs.swift */ = {isa = PBXFileReference; lastKnownFileType = sourcecode.swift; path = "0070.climbing-stairs.swift"; sourceTree = "<group>"; };
		E54FC5E42A9465C4001768B8 /* 0055.jump-game.swift */ = {isa = PBXFileReference; lastKnownFileType = sourcecode.swift; path = "0055.jump-game.swift"; sourceTree = "<group>"; };
		E54FC5E62A946625001768B8 /* 0849.maximize-distance-to-closest-person.swift */ = {isa = PBXFileReference; lastKnownFileType = sourcecode.swift; path = "0849.maximize-distance-to-closest-person.swift"; sourceTree = "<group>"; };
		E54FC5E82A94923A001768B8 /* 0198.house-robber.swift */ = {isa = PBXFileReference; lastKnownFileType = sourcecode.swift; path = "0198.house-robber.swift"; sourceTree = "<group>"; };
		E54FC5EA2A949BD9001768B8 /* 0213.house-robber-ii.swift */ = {isa = PBXFileReference; lastKnownFileType = sourcecode.swift; path = "0213.house-robber-ii.swift"; sourceTree = "<group>"; };
		E54FC5EC2A949D92001768B8 /* 0337.house-robber-iii.swift */ = {isa = PBXFileReference; lastKnownFileType = sourcecode.swift; path = "0337.house-robber-iii.swift"; sourceTree = "<group>"; };
		E54FC5EE2A94A788001768B8 /* 0118.pascals-triangle.swift */ = {isa = PBXFileReference; lastKnownFileType = sourcecode.swift; path = "0118.pascals-triangle.swift"; sourceTree = "<group>"; };
		E54FC5F02A94BE78001768B8 /* 0018.4sum.swift */ = {isa = PBXFileReference; lastKnownFileType = sourcecode.swift; path = 0018.4sum.swift; sourceTree = "<group>"; };
		E54FC5F22A95A882001768B8 /* 2237.move-pieces-to-obtain-a-string.swift */ = {isa = PBXFileReference; lastKnownFileType = sourcecode.swift; path = "2237.move-pieces-to-obtain-a-string.swift"; sourceTree = "<group>"; };
		E54FC5F42A95AE47001768B8 /* 1782.count-pairs-of-nodes.swift */ = {isa = PBXFileReference; lastKnownFileType = sourcecode.swift; path = "1782.count-pairs-of-nodes.swift"; sourceTree = "<group>"; };
		E54FC5F62A95DA3A001768B8 /* 0187.repeated-dna-sequences.swift */ = {isa = PBXFileReference; lastKnownFileType = sourcecode.swift; path = "0187.repeated-dna-sequences.swift"; sourceTree = "<group>"; };
		E54FC5F82A95E20C001768B8 /* 0028.find-the-index-of-the-first-occurrence-in-a-string:description.swift */ = {isa = PBXFileReference; lastKnownFileType = sourcecode.swift; path = "0028.find-the-index-of-the-first-occurrence-in-a-string:description.swift"; sourceTree = "<group>"; };
		E54FC5FA2A95F443001768B8 /* 0528.random-pick-with-weight.swift */ = {isa = PBXFileReference; lastKnownFileType = sourcecode.swift; path = "0528.random-pick-with-weight.swift"; sourceTree = "<group>"; };
		E54FC5FC2A960EC5001768B8 /* 0875.koko-eating-bananas.swift */ = {isa = PBXFileReference; lastKnownFileType = sourcecode.swift; path = "0875.koko-eating-bananas.swift"; sourceTree = "<group>"; };
		E54FC5FE2A96131A001768B8 /* 1011.capacity-to-ship-packages-within-d-days.swift */ = {isa = PBXFileReference; lastKnownFileType = sourcecode.swift; path = "1011.capacity-to-ship-packages-within-d-days.swift"; sourceTree = "<group>"; };
		E54FC6002A96FD15001768B8 /* 0410.split-array-largest-sum.swift */ = {isa = PBXFileReference; lastKnownFileType = sourcecode.swift; path = "0410.split-array-largest-sum.swift"; sourceTree = "<group>"; };
		E54FC6022A970A27001768B8 /* 1267.count-servers-that-communicate.swift */ = {isa = PBXFileReference; lastKnownFileType = sourcecode.swift; path = "1267.count-servers-that-communicate.swift"; sourceTree = "<group>"; };
		E54FC6042A970E88001768B8 /* 0870.advantage-shuffle.swift */ = {isa = PBXFileReference; lastKnownFileType = sourcecode.swift; path = "0870.advantage-shuffle.swift"; sourceTree = "<group>"; };
		E54FC61E2A97347D001768B8 /* swift-algorithm-tests.xctest */ = {isa = PBXFileReference; explicitFileType = wrapper.cfbundle; includeInIndex = 0; path = "swift-algorithm-tests.xctest"; sourceTree = BUILT_PRODUCTS_DIR; };
		E54FC6202A97347D001768B8 /* swift_algorithm_tests.swift */ = {isa = PBXFileReference; lastKnownFileType = sourcecode.swift; path = swift_algorithm_tests.swift; sourceTree = "<group>"; };
		E54FC6272A9735CB001768B8 /* 0001.two-sum-Tests.swift */ = {isa = PBXFileReference; lastKnownFileType = sourcecode.swift; path = "0001.two-sum-Tests.swift"; sourceTree = "<group>"; };
		E54FC62A2A973803001768B8 /* TestUtilities.swift */ = {isa = PBXFileReference; lastKnownFileType = sourcecode.swift; path = TestUtilities.swift; sourceTree = "<group>"; };
		E54FC62D2A973C39001768B8 /* 0380.insert-delete-getrandom-o1.swift */ = {isa = PBXFileReference; lastKnownFileType = sourcecode.swift; path = "0380.insert-delete-getrandom-o1.swift"; sourceTree = "<group>"; };
		E54FC62F2A973C94001768B8 /* Difference.swift */ = {isa = PBXFileReference; lastKnownFileType = sourcecode.swift; path = Difference.swift; sourceTree = "<group>"; };
		E54FC6312A974043001768B8 /* 0710.random-pick-with-blacklist.swift */ = {isa = PBXFileReference; lastKnownFileType = sourcecode.swift; path = "0710.random-pick-with-blacklist.swift"; sourceTree = "<group>"; };
		E54FC6332A974875001768B8 /* 0316.remove-duplicate-letters.swift */ = {isa = PBXFileReference; lastKnownFileType = sourcecode.swift; path = "0316.remove-duplicate-letters.swift"; sourceTree = "<group>"; };
		E5512CB82A78E67900602494 /* swift-algorithm */ = {isa = PBXFileReference; explicitFileType = "compiled.mach-o.executable"; includeInIndex = 0; path = "swift-algorithm"; sourceTree = BUILT_PRODUCTS_DIR; };
		E5512CC42A78E6CD00602494 /* ListNode.swift */ = {isa = PBXFileReference; fileEncoding = 4; lastKnownFileType = sourcecode.swift; path = ListNode.swift; sourceTree = "<group>"; };
		E5512CC52A78E6CD00602494 /* main.swift */ = {isa = PBXFileReference; fileEncoding = 4; lastKnownFileType = sourcecode.swift; path = main.swift; sourceTree = "<group>"; };
		E5512CCF2A7A451000602494 /* 0001.two-sum.swift */ = {isa = PBXFileReference; lastKnownFileType = sourcecode.swift; path = "0001.two-sum.swift"; sourceTree = "<group>"; };
		E5512CD22A7A456800602494 /* Solution.swift */ = {isa = PBXFileReference; lastKnownFileType = sourcecode.swift; path = Solution.swift; sourceTree = "<group>"; };
		E5512CD42A7A461A00602494 /* 0005.longest-palindromic-substring.swift */ = {isa = PBXFileReference; lastKnownFileType = sourcecode.swift; path = "0005.longest-palindromic-substring.swift"; sourceTree = "<group>"; };
		E5512CD62A7A465D00602494 /* 0009.palindrome-number.swift */ = {isa = PBXFileReference; lastKnownFileType = sourcecode.swift; path = "0009.palindrome-number.swift"; sourceTree = "<group>"; };
		E5512CD82A7A4ABD00602494 /* TreeNode.swift */ = {isa = PBXFileReference; lastKnownFileType = sourcecode.swift; path = TreeNode.swift; sourceTree = "<group>"; };
		E5512CDA2A7B401000602494 /* 0104.maximum-depth-of-binary-tree.swift */ = {isa = PBXFileReference; lastKnownFileType = sourcecode.swift; path = "0104.maximum-depth-of-binary-tree.swift"; sourceTree = "<group>"; };
		E5512CDC2A7B472D00602494 /* 0144.binary-tree-preorder-traversal.swift */ = {isa = PBXFileReference; lastKnownFileType = sourcecode.swift; path = "0144.binary-tree-preorder-traversal.swift"; sourceTree = "<group>"; };
		E5512CDE2A7B875F00602494 /* 0543.diameter-of-binary-tree.swift */ = {isa = PBXFileReference; lastKnownFileType = sourcecode.swift; path = "0543.diameter-of-binary-tree.swift"; sourceTree = "<group>"; };
		E5512CE02A7C9CA100602494 /* 0509.fibonacci-number.swift */ = {isa = PBXFileReference; lastKnownFileType = sourcecode.swift; path = "0509.fibonacci-number.swift"; sourceTree = "<group>"; };
		E5512CE22A7CD09E00602494 /* 0322.coin-change.swift */ = {isa = PBXFileReference; lastKnownFileType = sourcecode.swift; path = "0322.coin-change.swift"; sourceTree = "<group>"; };
		E5512CE42A7CF0AD00602494 /* 0320.generalized-abbreviation.swift */ = {isa = PBXFileReference; lastKnownFileType = sourcecode.swift; path = "0320.generalized-abbreviation.swift"; sourceTree = "<group>"; };
		E5512CE62A7CF0FA00602494 /* 0314.binary-tree-vertical-order-traversal.swift */ = {isa = PBXFileReference; lastKnownFileType = sourcecode.swift; path = "0314.binary-tree-vertical-order-traversal.swift"; sourceTree = "<group>"; };
		E5512CE82A7CF9CF00602494 /* 0046.permutations.swift */ = {isa = PBXFileReference; lastKnownFileType = sourcecode.swift; path = 0046.permutations.swift; sourceTree = "<group>"; };
		E5512CEA2A808CDA00602494 /* 0037.sudoku-solver.swift */ = {isa = PBXFileReference; lastKnownFileType = sourcecode.swift; path = "0037.sudoku-solver.swift"; sourceTree = "<group>"; };
		E5512CEC2A808CFB00602494 /* 0051.n-queens.swift */ = {isa = PBXFileReference; lastKnownFileType = sourcecode.swift; path = "0051.n-queens.swift"; sourceTree = "<group>"; };
		E5512CEF2A80C2E900602494 /* 0003.longest-substring-without-repeating-characters.swift */ = {isa = PBXFileReference; lastKnownFileType = sourcecode.swift; path = "0003.longest-substring-without-repeating-characters.swift"; sourceTree = "<group>"; };
		E5512CF12A80CA6600602494 /* 0078.subsets.swift */ = {isa = PBXFileReference; lastKnownFileType = sourcecode.swift; path = 0078.subsets.swift; sourceTree = "<group>"; };
		E5512CF32A80D38100602494 /* 0077.combinations.swift */ = {isa = PBXFileReference; lastKnownFileType = sourcecode.swift; path = 0077.combinations.swift; sourceTree = "<group>"; };
		E5512CF52A80DB9300602494 /* 0090.subsets-ii.swift */ = {isa = PBXFileReference; lastKnownFileType = sourcecode.swift; path = "0090.subsets-ii.swift"; sourceTree = "<group>"; };
		E5512CF72A80DCE600602494 /* 0040.combination-sum-ii.swift */ = {isa = PBXFileReference; lastKnownFileType = sourcecode.swift; path = "0040.combination-sum-ii.swift"; sourceTree = "<group>"; };
		E5512CF92A80E27A00602494 /* 0047.permutations-ii.swift */ = {isa = PBXFileReference; lastKnownFileType = sourcecode.swift; path = "0047.permutations-ii.swift"; sourceTree = "<group>"; };
		E5512CFB2A80E2C700602494 /* 0039.combination-sum.swift */ = {isa = PBXFileReference; lastKnownFileType = sourcecode.swift; path = "0039.combination-sum.swift"; sourceTree = "<group>"; };
		E5512CFD2A80E39B00602494 /* 0021.merge-two-sorted-lists.swift */ = {isa = PBXFileReference; lastKnownFileType = sourcecode.swift; path = "0021.merge-two-sorted-lists.swift"; sourceTree = "<group>"; };
		E5512CFF2A80E42F00602494 /* 0026.remove-duplicates-from-sorted-array.swift */ = {isa = PBXFileReference; lastKnownFileType = sourcecode.swift; path = "0026.remove-duplicates-from-sorted-array.swift"; sourceTree = "<group>"; };
		E5512D012A80E46400602494 /* 0027.remove-element.swift */ = {isa = PBXFileReference; lastKnownFileType = sourcecode.swift; path = "0027.remove-element.swift"; sourceTree = "<group>"; };
		E5512D032A80E4C600602494 /* 0035.search-insert-position.swift */ = {isa = PBXFileReference; lastKnownFileType = sourcecode.swift; path = "0035.search-insert-position.swift"; sourceTree = "<group>"; };
		E5512D052A80E59500602494 /* 0052.n-queens-ii.swift */ = {isa = PBXFileReference; lastKnownFileType = sourcecode.swift; path = "0052.n-queens-ii.swift"; sourceTree = "<group>"; };
		E5512D072A80E63400602494 /* 0083.remove-duplicates-from-sorted-list.swift */ = {isa = PBXFileReference; lastKnownFileType = sourcecode.swift; path = "0083.remove-duplicates-from-sorted-list.swift"; sourceTree = "<group>"; };
		E5512D092A80E7AC00602494 /* 0160.intersection-of-two-linked-lists.swift */ = {isa = PBXFileReference; lastKnownFileType = sourcecode.swift; path = "0160.intersection-of-two-linked-lists.swift"; sourceTree = "<group>"; };
		E5512D0B2A80E7E800602494 /* 0167.two-sum-ii-input-array-is-sorted.swift */ = {isa = PBXFileReference; lastKnownFileType = sourcecode.swift; path = "0167.two-sum-ii-input-array-is-sorted.swift"; sourceTree = "<group>"; };
		E5512D0D2A80FD4200602494 /* 0111.minimum-depth-of-binary-tree.swift */ = {isa = PBXFileReference; lastKnownFileType = sourcecode.swift; path = "0111.minimum-depth-of-binary-tree.swift"; sourceTree = "<group>"; };
		E5512D0F2A81DAF800602494 /* 0088.merge-sorted-array.swift */ = {isa = PBXFileReference; lastKnownFileType = sourcecode.swift; path = "0088.merge-sorted-array.swift"; sourceTree = "<group>"; };
		E5512D112A81EC8700602494 /* 0189.rotate-array.swift */ = {isa = PBXFileReference; lastKnownFileType = sourcecode.swift; path = "0189.rotate-array.swift"; sourceTree = "<group>"; };
		E5512D132A822C5600602494 /* 0121.best-time-to-buy-and-sell-stock.swift */ = {isa = PBXFileReference; lastKnownFileType = sourcecode.swift; path = "0121.best-time-to-buy-and-sell-stock.swift"; sourceTree = "<group>"; };
		E5512D152A8238B400602494 /* 0122.best-time-to-buy-and-sell-stock-ii.swift */ = {isa = PBXFileReference; lastKnownFileType = sourcecode.swift; path = "0122.best-time-to-buy-and-sell-stock-ii.swift"; sourceTree = "<group>"; };
		E5512D1A2A82429A00602494 /* 1749.maximum-absolute-sum-of-any-subarray.swift */ = {isa = PBXFileReference; lastKnownFileType = sourcecode.swift; path = "1749.maximum-absolute-sum-of-any-subarray.swift"; sourceTree = "<group>"; };
		E5512D1C2A82434E00602494 /* 0053.maximum-subarray.swift */ = {isa = PBXFileReference; lastKnownFileType = sourcecode.swift; path = "0053.maximum-subarray.swift"; sourceTree = "<group>"; };
		E5512D1E2A8246D400602494 /* 0752.open-the-lock.swift */ = {isa = PBXFileReference; lastKnownFileType = sourcecode.swift; path = "0752.open-the-lock.swift"; sourceTree = "<group>"; };
		E5512D202A8361EE00602494 /* 1281.subtract-the-product-and-sum-of-digits-of-an-integer.swift */ = {isa = PBXFileReference; lastKnownFileType = sourcecode.swift; path = "1281.subtract-the-product-and-sum-of-digits-of-an-integer.swift"; sourceTree = "<group>"; };
		E5512D222A8364E000602494 /* 0034.find-first-and-last-position-of-element-in-sorted-array.swift */ = {isa = PBXFileReference; lastKnownFileType = sourcecode.swift; path = "0034.find-first-and-last-position-of-element-in-sorted-array.swift"; sourceTree = "<group>"; };
		E57677912A837C2D00B6F386 /* 0076.minimum-window-substring.swift */ = {isa = PBXFileReference; lastKnownFileType = sourcecode.swift; path = "0076.minimum-window-substring.swift"; sourceTree = "<group>"; };
		E57677932A838B4A00B6F386 /* 0567.permutation-in-string.swift */ = {isa = PBXFileReference; lastKnownFileType = sourcecode.swift; path = "0567.permutation-in-string.swift"; sourceTree = "<group>"; };
		E57677952A847BA500B6F386 /* 0438.find-all-anagrams-in-a-string.swift */ = {isa = PBXFileReference; lastKnownFileType = sourcecode.swift; path = "0438.find-all-anagrams-in-a-string.swift"; sourceTree = "<group>"; };
		E57677972A84BB1F00B6F386 /* 0188.best-time-to-buy-and-sell-stock-iv.swift */ = {isa = PBXFileReference; lastKnownFileType = sourcecode.swift; path = "0188.best-time-to-buy-and-sell-stock-iv.swift"; sourceTree = "<group>"; };
		E57677992A84BB7100B6F386 /* 0123.best-time-to-buy-and-sell-stock-iii.swift */ = {isa = PBXFileReference; lastKnownFileType = sourcecode.swift; path = "0123.best-time-to-buy-and-sell-stock-iii.swift"; sourceTree = "<group>"; };
		E576779B2A84BDD500B6F386 /* 0042.trapping-rain-water.swift */ = {isa = PBXFileReference; lastKnownFileType = sourcecode.swift; path = "0042.trapping-rain-water.swift"; sourceTree = "<group>"; };
		E576779D2A84C2DB00B6F386 /* 0002.add-two-numbers.swift */ = {isa = PBXFileReference; lastKnownFileType = sourcecode.swift; path = "0002.add-two-numbers.swift"; sourceTree = "<group>"; };
		E576779F2A84C57C00B6F386 /* 0082.remove-duplicates-from-sorted-list-ii.swift */ = {isa = PBXFileReference; lastKnownFileType = sourcecode.swift; path = "0082.remove-duplicates-from-sorted-list-ii.swift"; sourceTree = "<group>"; };
		E57677A12A84C5DE00B6F386 /* 0094.binary-tree-inorder-traversal.swift */ = {isa = PBXFileReference; lastKnownFileType = sourcecode.swift; path = "0094.binary-tree-inorder-traversal.swift"; sourceTree = "<group>"; };
		E57677A32A84C6B400B6F386 /* 0145.binary-tree-postorder-traversal.swift */ = {isa = PBXFileReference; lastKnownFileType = sourcecode.swift; path = "0145.binary-tree-postorder-traversal.swift"; sourceTree = "<group>"; };
		E57677A52A84C77300B6F386 /* 0283.move-zeroes.swift */ = {isa = PBXFileReference; lastKnownFileType = sourcecode.swift; path = "0283.move-zeroes.swift"; sourceTree = "<group>"; };
		E57677A72A84C7D400B6F386 /* 0344.reverse-string.swift */ = {isa = PBXFileReference; lastKnownFileType = sourcecode.swift; path = "0344.reverse-string.swift"; sourceTree = "<group>"; };
		E57677A92A84C8F100B6F386 /* 0704.binary-search.swift */ = {isa = PBXFileReference; lastKnownFileType = sourcecode.swift; path = "0704.binary-search.swift"; sourceTree = "<group>"; };
		E57677AD2A85E07A00B6F386 /* 0309.best-time-to-buy-and-sell-stock-with-cooldown.swift */ = {isa = PBXFileReference; lastKnownFileType = sourcecode.swift; path = "0309.best-time-to-buy-and-sell-stock-with-cooldown.swift"; sourceTree = "<group>"; };
		E57677AF2A85E71C00B6F386 /* 0714.best-time-to-buy-and-sell-stock-with-transaction-fee.swift */ = {isa = PBXFileReference; lastKnownFileType = sourcecode.swift; path = "0714.best-time-to-buy-and-sell-stock-with-transaction-fee.swift"; sourceTree = "<group>"; };
		E57677B12A86225B00B6F386 /* 0011.container-with-most-water.swift */ = {isa = PBXFileReference; lastKnownFileType = sourcecode.swift; path = "0011.container-with-most-water.swift"; sourceTree = "<group>"; };
		E57677B32A86302800B6F386 /* 1572.matrix-diagonal-sum.swift */ = {isa = PBXFileReference; lastKnownFileType = sourcecode.swift; path = "1572.matrix-diagonal-sum.swift"; sourceTree = "<group>"; };
		E57677B52A89C4F900B6F386 /* 0617.merge-two-binary-trees.swift */ = {isa = PBXFileReference; lastKnownFileType = sourcecode.swift; path = "0617.merge-two-binary-trees.swift"; sourceTree = "<group>"; };
		E57677B72A89C9C500B6F386 /* 0086.partition-list.swift */ = {isa = PBXFileReference; lastKnownFileType = sourcecode.swift; path = "0086.partition-list.swift"; sourceTree = "<group>"; };
		E57677B92A89CD2800B6F386 /* 0023.merge-k-sorted-lists.swift */ = {isa = PBXFileReference; lastKnownFileType = sourcecode.swift; path = "0023.merge-k-sorted-lists.swift"; sourceTree = "<group>"; };
		E5801B7B2A89D4EA0088B018 /* Heap.swift */ = {isa = PBXFileReference; lastKnownFileType = sourcecode.swift; path = Heap.swift; sourceTree = "<group>"; };
		E5801B7D2A89F8870088B018 /* 0019.remove-nth-node-from-end-of-list.swift */ = {isa = PBXFileReference; lastKnownFileType = sourcecode.swift; path = "0019.remove-nth-node-from-end-of-list.swift"; sourceTree = "<group>"; };
		E5801B7F2A89FEA00088B018 /* 0876.middle-of-the-linked-list.swift */ = {isa = PBXFileReference; lastKnownFileType = sourcecode.swift; path = "0876.middle-of-the-linked-list.swift"; sourceTree = "<group>"; };
		E5801B812A89FFE40088B018 /* 0142.linked-list-cycle-ii.swift */ = {isa = PBXFileReference; lastKnownFileType = sourcecode.swift; path = "0142.linked-list-cycle-ii.swift"; sourceTree = "<group>"; };
		E5801B832A8A00260088B018 /* 0141.linked-list-cycle.swift */ = {isa = PBXFileReference; lastKnownFileType = sourcecode.swift; path = "0141.linked-list-cycle.swift"; sourceTree = "<group>"; };
		E5801B852A8A1AFA0088B018 /* 0092.reverse-linked-list-ii.swift */ = {isa = PBXFileReference; lastKnownFileType = sourcecode.swift; path = "0092.reverse-linked-list-ii.swift"; sourceTree = "<group>"; };
		E5801B872A8A1CDA0088B018 /* 0206.reverse-linked-list.swift */ = {isa = PBXFileReference; lastKnownFileType = sourcecode.swift; path = "0206.reverse-linked-list.swift"; sourceTree = "<group>"; };
		E580B8582AA098A400020F4D /* 0493.reverse-pairs.swift */ = {isa = PBXFileReference; lastKnownFileType = sourcecode.swift; path = "0493.reverse-pairs.swift"; sourceTree = "<group>"; };
		E580B85A2AA1896F00020F4D /* 0327.count-of-range-sum.swift */ = {isa = PBXFileReference; lastKnownFileType = sourcecode.swift; path = "0327.count-of-range-sum.swift"; sourceTree = "<group>"; };
		E580B85C2AA1B9E600020F4D /* 0230.kth-smallest-element-in-a-bst.swift */ = {isa = PBXFileReference; lastKnownFileType = sourcecode.swift; path = "0230.kth-smallest-element-in-a-bst.swift"; sourceTree = "<group>"; };
		E580B85E2AA1BCE400020F4D /* 2240.number-of-ways-to-buy-pens-and-pencils.swift */ = {isa = PBXFileReference; lastKnownFileType = sourcecode.swift; path = "2240.number-of-ways-to-buy-pens-and-pencils.swift"; sourceTree = "<group>"; };
		E580B8602AA1C1A300020F4D /* 0538.convert-bst-to-greater-tree.swift */ = {isa = PBXFileReference; lastKnownFileType = sourcecode.swift; path = "0538.convert-bst-to-greater-tree.swift"; sourceTree = "<group>"; };
		E580B8622AA1C1D400020F4D /* 1038.binary-search-tree-to-greater-sum-tree.swift */ = {isa = PBXFileReference; lastKnownFileType = sourcecode.swift; path = "1038.binary-search-tree-to-greater-sum-tree.swift"; sourceTree = "<group>"; };
		E580B8642AA1C58600020F4D /* 0098.validate-binary-search-tree.swift */ = {isa = PBXFileReference; lastKnownFileType = sourcecode.swift; path = "0098.validate-binary-search-tree.swift"; sourceTree = "<group>"; };
		E580B8662AA1C7F700020F4D /* 0700.search-in-a-binary-search-tree.swift */ = {isa = PBXFileReference; lastKnownFileType = sourcecode.swift; path = "0700.search-in-a-binary-search-tree.swift"; sourceTree = "<group>"; };
		E580B8682AA1D55B00020F4D /* 0450.delete-node-in-a-bst.swift */ = {isa = PBXFileReference; lastKnownFileType = sourcecode.swift; path = "0450.delete-node-in-a-bst.swift"; sourceTree = "<group>"; };
		E580B86A2AA1D5A100020F4D /* 0701.insert-into-a-binary-search-tree.swift */ = {isa = PBXFileReference; lastKnownFileType = sourcecode.swift; path = "0701.insert-into-a-binary-search-tree.swift"; sourceTree = "<group>"; };
		E580B86C2AA1E7CD00020F4D /* 0096.unique-binary-search-trees.swift */ = {isa = PBXFileReference; lastKnownFileType = sourcecode.swift; path = "0096.unique-binary-search-trees.swift"; sourceTree = "<group>"; };
		E580B86E2AA1E7F900020F4D /* 0095.unique-binary-search-trees-ii.swift */ = {isa = PBXFileReference; lastKnownFileType = sourcecode.swift; path = "0095.unique-binary-search-trees-ii.swift"; sourceTree = "<group>"; };
		E580B8702AA583D300020F4D /* 1921.eliminate-maximum-number-of-monsters.swift */ = {isa = PBXFileReference; lastKnownFileType = sourcecode.swift; path = "1921.eliminate-maximum-number-of-monsters.swift"; sourceTree = "<group>"; };
		E5A9B1422A8B28C000099C3C /* 0025.reverse-nodes-in-k-group.swift */ = {isa = PBXFileReference; lastKnownFileType = sourcecode.swift; path = "0025.reverse-nodes-in-k-group.swift"; sourceTree = "<group>"; };
		E5A9B1442A8B29CE00099C3C /* 0833.find-and-replace-in-string.swift */ = {isa = PBXFileReference; lastKnownFileType = sourcecode.swift; path = "0833.find-and-replace-in-string.swift"; sourceTree = "<group>"; };
		E5A9B1462A8B7A2200099C3C /* 0234.palindrome-linked-list.swift */ = {isa = PBXFileReference; lastKnownFileType = sourcecode.swift; path = "0234.palindrome-linked-list.swift"; sourceTree = "<group>"; };
		E5F07A3A2A9EEEC600CFA6BD /* 1654.minimum-jumps-to-reach-home.swift */ = {isa = PBXFileReference; lastKnownFileType = sourcecode.swift; path = "1654.minimum-jumps-to-reach-home.swift"; sourceTree = "<group>"; };
		E5F07A3C2A9F2B4100CFA6BD /* 0297.serialize-and-deserialize-binary-tree.swift */ = {isa = PBXFileReference; lastKnownFileType = sourcecode.swift; path = "0297.serialize-and-deserialize-binary-tree.swift"; sourceTree = "<group>"; };
		E5F07A3E2AA0318D00CFA6BD /* 1761.minimum-degree-of-a-connected-trio-in-a-graph:description.swift */ = {isa = PBXFileReference; lastKnownFileType = sourcecode.swift; path = "1761.minimum-degree-of-a-connected-trio-in-a-graph:description.swift"; sourceTree = "<group>"; };
		E5F07A402AA038F700CFA6BD /* 0315.count-of-smaller-numbers-after-self.swift */ = {isa = PBXFileReference; lastKnownFileType = sourcecode.swift; path = "0315.count-of-smaller-numbers-after-self.swift"; sourceTree = "<group>"; };
		E5FB8FF72A974A6E002891F8 /* 0402.remove-k-digits.swift */ = {isa = PBXFileReference; lastKnownFileType = sourcecode.swift; path = "0402.remove-k-digits.swift"; sourceTree = "<group>"; };
		E5FB8FF92A975DBE002891F8 /* 1081.smallest-subsequence-of-distinct-characters.swift */ = {isa = PBXFileReference; lastKnownFileType = sourcecode.swift; path = "1081.smallest-subsequence-of-distinct-characters.swift"; sourceTree = "<group>"; };
		E5FB8FFB2A97609D002891F8 /* 0912.sort-an-array.swift */ = {isa = PBXFileReference; lastKnownFileType = sourcecode.swift; path = "0912.sort-an-array.swift"; sourceTree = "<group>"; };
/* End PBXFileReference section */

/* Begin PBXFrameworksBuildPhase section */
		E54FC61B2A97347D001768B8 /* Frameworks */ = {
			isa = PBXFrameworksBuildPhase;
			buildActionMask = 2147483647;
			files = (
			);
			runOnlyForDeploymentPostprocessing = 0;
		};
		E5512CB52A78E67900602494 /* Frameworks */ = {
			isa = PBXFrameworksBuildPhase;
			buildActionMask = 2147483647;
			files = (
			);
			runOnlyForDeploymentPostprocessing = 0;
		};
/* End PBXFrameworksBuildPhase section */

/* Begin PBXGroup section */
		E54FC61F2A97347D001768B8 /* Tests */ = {
			isa = PBXGroup;
			children = (
				E54FC6262A9735AE001768B8 /* LeetcodeTests */,
				E54FC6202A97347D001768B8 /* swift_algorithm_tests.swift */,
				E54FC62A2A973803001768B8 /* TestUtilities.swift */,
			);
			path = Tests;
			sourceTree = "<group>";
		};
		E54FC6262A9735AE001768B8 /* LeetcodeTests */ = {
			isa = PBXGroup;
			children = (
				E54FC6272A9735CB001768B8 /* 0001.two-sum-Tests.swift */,
			);
			path = LeetcodeTests;
			sourceTree = "<group>";
		};
		E5512CAF2A78E67900602494 = {
			isa = PBXGroup;
			children = (
				E5512CB92A78E67900602494 /* Products */,
				E5512CC22A78E6CD00602494 /* Sources */,
				E54FC61F2A97347D001768B8 /* Tests */,
			);
			sourceTree = "<group>";
		};
		E5512CB92A78E67900602494 /* Products */ = {
			isa = PBXGroup;
			children = (
				E5512CB82A78E67900602494 /* swift-algorithm */,
				E54FC61E2A97347D001768B8 /* swift-algorithm-tests.xctest */,
			);
			name = Products;
			sourceTree = "<group>";
		};
		E5512CC22A78E6CD00602494 /* Sources */ = {
			isa = PBXGroup;
			children = (
				E5512CCE2A7A44F500602494 /* Leetcode */,
				E5512CC52A78E6CD00602494 /* main.swift */,
			);
			path = Sources;
			sourceTree = "<group>";
		};
		E5512CCE2A7A44F500602494 /* Leetcode */ = {
			isa = PBXGroup;
			children = (
				E5512CCF2A7A451000602494 /* 0001.two-sum.swift */,
				E576779D2A84C2DB00B6F386 /* 0002.add-two-numbers.swift */,
				E5512CEF2A80C2E900602494 /* 0003.longest-substring-without-repeating-characters.swift */,
				E54FC5C22A8CACA9001768B8 /* 0004.median-of-two-sorted-arrays.swift */,
				E5512CD42A7A461A00602494 /* 0005.longest-palindromic-substring.swift */,
				E54FC5DC2A8F6967001768B8 /* 0006.zigzag-conversion.swift */,
				E52E1B2E2A9D9BAD008DFCF8 /* 0007.reverse-integer.swift */,
				E52E1B302A9D9BF9008DFCF8 /* 0008.string-to-integer-atoi.swift */,
				E5512CD62A7A465D00602494 /* 0009.palindrome-number.swift */,
				E52E1B322A9D9C74008DFCF8 /* 0010.regular-expression-matching.swift */,
				E57677B12A86225B00B6F386 /* 0011.container-with-most-water.swift */,
				E54FC5DE2A935C61001768B8 /* 0015.3sum.swift */,
				E54FC5F02A94BE78001768B8 /* 0018.4sum.swift */,
				E5801B7D2A89F8870088B018 /* 0019.remove-nth-node-from-end-of-list.swift */,
				E54FC5E02A94585B001768B8 /* 0020.valid-parentheses.swift */,
				E5512CFD2A80E39B00602494 /* 0021.merge-two-sorted-lists.swift */,
				E57677B92A89CD2800B6F386 /* 0023.merge-k-sorted-lists.swift */,
				E5A9B1422A8B28C000099C3C /* 0025.reverse-nodes-in-k-group.swift */,
				E5512CFF2A80E42F00602494 /* 0026.remove-duplicates-from-sorted-array.swift */,
				E5512D012A80E46400602494 /* 0027.remove-element.swift */,
				E54FC5F82A95E20C001768B8 /* 0028.find-the-index-of-the-first-occurrence-in-a-string:description.swift */,
				E5512D222A8364E000602494 /* 0034.find-first-and-last-position-of-element-in-sorted-array.swift */,
				E5512D032A80E4C600602494 /* 0035.search-insert-position.swift */,
				E5512CEA2A808CDA00602494 /* 0037.sudoku-solver.swift */,
				E5512CFB2A80E2C700602494 /* 0039.combination-sum.swift */,
				E5512CF72A80DCE600602494 /* 0040.combination-sum-ii.swift */,
				E50607E22AA5DF660083311B /* 0041.first-missing-positive.swift */,
				E576779B2A84BDD500B6F386 /* 0042.trapping-rain-water.swift */,
				E5512CE82A7CF9CF00602494 /* 0046.permutations.swift */,
				E5512CF92A80E27A00602494 /* 0047.permutations-ii.swift */,
				E54FC5D42A8F4C19001768B8 /* 0048.rotate-image.swift */,
				E5512CEC2A808CFB00602494 /* 0051.n-queens.swift */,
				E5512D052A80E59500602494 /* 0052.n-queens-ii.swift */,
				E5512D1C2A82434E00602494 /* 0053.maximum-subarray.swift */,
				E54FC5D82A8F56E8001768B8 /* 0054.spiral-matrix.swift */,
				E54FC5E42A9465C4001768B8 /* 0055.jump-game.swift */,
				E52E1B1C2A9C7082008DFCF8 /* 0056.merge-intervals.swift */,
				E52E1B1E2A9C73B3008DFCF8 /* 0057.insert-interval.swift */,
				E54FC5DA2A8F5BFC001768B8 /* 0059.spiral-matrix-ii.swift */,
				E54FC5E22A945F5D001768B8 /* 0070.climbing-stairs.swift */,
				E57677912A837C2D00B6F386 /* 0076.minimum-window-substring.swift */,
				E5512CF32A80D38100602494 /* 0077.combinations.swift */,
				E5512CF12A80CA6600602494 /* 0078.subsets.swift */,
				E576779F2A84C57C00B6F386 /* 0082.remove-duplicates-from-sorted-list-ii.swift */,
				E5512D072A80E63400602494 /* 0083.remove-duplicates-from-sorted-list.swift */,
				E57677B72A89C9C500B6F386 /* 0086.partition-list.swift */,
				E5512D0F2A81DAF800602494 /* 0088.merge-sorted-array.swift */,
				E5512CF52A80DB9300602494 /* 0090.subsets-ii.swift */,
				E5801B852A8A1AFA0088B018 /* 0092.reverse-linked-list-ii.swift */,
				E57677A12A84C5DE00B6F386 /* 0094.binary-tree-inorder-traversal.swift */,
				E580B86E2AA1E7F900020F4D /* 0095.unique-binary-search-trees-ii.swift */,
				E580B86C2AA1E7CD00020F4D /* 0096.unique-binary-search-trees.swift */,
				E580B8642AA1C58600020F4D /* 0098.validate-binary-search-tree.swift */,
				E5512CDA2A7B401000602494 /* 0104.maximum-depth-of-binary-tree.swift */,
				E52E1B362A9DCC16008DFCF8 /* 0105.construct-binary-tree-from-preorder-and-inorder-traversal.swift */,
				E52E1B382A9DD913008DFCF8 /* 0106.construct-binary-tree-from-inorder-and-postorder-traversal.swift */,
				E5512D0D2A80FD4200602494 /* 0111.minimum-depth-of-binary-tree.swift */,
				E52E1B2A2A9CA4A7008DFCF8 /* 0114.flatten-binary-tree-to-linked-list.swift */,
				E52E1B262A9C9A36008DFCF8 /* 0116.populating-next-right-pointers-in-each-node.swift */,
				E54FC5EE2A94A788001768B8 /* 0118.pascals-triangle.swift */,
				E5512D132A822C5600602494 /* 0121.best-time-to-buy-and-sell-stock.swift */,
				E5512D152A8238B400602494 /* 0122.best-time-to-buy-and-sell-stock-ii.swift */,
				E57677992A84BB7100B6F386 /* 0123.best-time-to-buy-and-sell-stock-iii.swift */,
				E52E1B202A9C812F008DFCF8 /* 0124.binary-tree-maximum-path-sum.swift */,
				E5801B832A8A00260088B018 /* 0141.linked-list-cycle.swift */,
				E5801B812A89FFE40088B018 /* 0142.linked-list-cycle-ii.swift */,
				E5512CDC2A7B472D00602494 /* 0144.binary-tree-preorder-traversal.swift */,
				E57677A32A84C6B400B6F386 /* 0145.binary-tree-postorder-traversal.swift */,
				E54FC5D62A8F4D6D001768B8 /* 0151.reverse-words-in-a-string.swift */,
				E5512D092A80E7AC00602494 /* 0160.intersection-of-two-linked-lists.swift */,
				E5512D0B2A80E7E800602494 /* 0167.two-sum-ii-input-array-is-sorted.swift */,
				E54FC5F62A95DA3A001768B8 /* 0187.repeated-dna-sequences.swift */,
				E57677972A84BB1F00B6F386 /* 0188.best-time-to-buy-and-sell-stock-iv.swift */,
				E5512D112A81EC8700602494 /* 0189.rotate-array.swift */,
				E54FC5E82A94923A001768B8 /* 0198.house-robber.swift */,
				E5801B872A8A1CDA0088B018 /* 0206.reverse-linked-list.swift */,
				E54FC5EA2A949BD9001768B8 /* 0213.house-robber-ii.swift */,
				E52E1B242A9C9838008DFCF8 /* 0226.invert-binary-tree.swift */,
				E52E1B1A2A9C38CE008DFCF8 /* 0228.summary-ranges.swift */,
				E580B85C2AA1B9E600020F4D /* 0230.kth-smallest-element-in-a-bst.swift */,
				E5A9B1462A8B7A2200099C3C /* 0234.palindrome-linked-list.swift */,
				E57677A52A84C77300B6F386 /* 0283.move-zeroes.swift */,
				E5F07A3C2A9F2B4100CFA6BD /* 0297.serialize-and-deserialize-binary-tree.swift */,
				E54FC5C42A8CD1D1001768B8 /* 0303.range-sum-query-immutable.swift */,
				E54FC5C82A8E111E001768B8 /* 0304.range-sum-query-2d-immutable.swift */,
				E57677AD2A85E07A00B6F386 /* 0309.best-time-to-buy-and-sell-stock-with-cooldown.swift */,
				E5512CE62A7CF0FA00602494 /* 0314.binary-tree-vertical-order-traversal.swift */,
				E5F07A402AA038F700CFA6BD /* 0315.count-of-smaller-numbers-after-self.swift */,
				E54FC6332A974875001768B8 /* 0316.remove-duplicate-letters.swift */,
				E5512CE42A7CF0AD00602494 /* 0320.generalized-abbreviation.swift */,
				E5512CE22A7CD09E00602494 /* 0322.coin-change.swift */,
				E580B85A2AA1896F00020F4D /* 0327.count-of-range-sum.swift */,
				E54FC5EC2A949D92001768B8 /* 0337.house-robber-iii.swift */,
				E57677A72A84C7D400B6F386 /* 0344.reverse-string.swift */,
				E54FC5CC2A8E20AC001768B8 /* 0370.range-addition.swift */,
				E54FC62D2A973C39001768B8 /* 0380.insert-delete-getrandom-o1.swift */,
				E5FB8FF72A974A6E002891F8 /* 0402.remove-k-digits.swift */,
				E54FC6002A96FD15001768B8 /* 0410.split-array-largest-sum.swift */,
				E57677952A847BA500B6F386 /* 0438.find-all-anagrams-in-a-string.swift */,
				E580B8682AA1D55B00020F4D /* 0450.delete-node-in-a-bst.swift */,
				E580B8582AA098A400020F4D /* 0493.reverse-pairs.swift */,
				E5512CE02A7C9CA100602494 /* 0509.fibonacci-number.swift */,
				E52E1B222A9C8A10008DFCF8 /* 0515.find-largest-value-in-each-tree-row.swift */,
				E54FC5FA2A95F443001768B8 /* 0528.random-pick-with-weight.swift */,
				E580B8602AA1C1A300020F4D /* 0538.convert-bst-to-greater-tree.swift */,
				E5512CDE2A7B875F00602494 /* 0543.diameter-of-binary-tree.swift */,
				E57677932A838B4A00B6F386 /* 0567.permutation-in-string.swift */,
				E57677B52A89C4F900B6F386 /* 0617.merge-two-binary-trees.swift */,
				E52E1B3C2A9DF3AD008DFCF8 /* 0652.find-duplicate-subtrees.swift */,
				E52E1B342A9DCB66008DFCF8 /* 0654.maximum-binary-tree.swift */,
				E580B8662AA1C7F700020F4D /* 0700.search-in-a-binary-search-tree.swift */,
				E580B86A2AA1D5A100020F4D /* 0701.insert-into-a-binary-search-tree.swift */,
				E57677A92A84C8F100B6F386 /* 0704.binary-search.swift */,
				E54FC6312A974043001768B8 /* 0710.random-pick-with-blacklist.swift */,
				E57677AF2A85E71C00B6F386 /* 0714.best-time-to-buy-and-sell-stock-with-transaction-fee.swift */,
				E5512D1E2A8246D400602494 /* 0752.open-the-lock.swift */,
				E54FC5D22A8F3CBA001768B8 /* 0798.smallest-rotation-with-highest-score.swift */,
				E52E1B2C2A9D858D008DFCF8 /* 0823.binary-trees-with-factors.swift */,
				E5A9B1442A8B29CE00099C3C /* 0833.find-and-replace-in-string.swift */,
				E54FC5E62A946625001768B8 /* 0849.maximize-distance-to-closest-person.swift */,
				E50608112AA876A90083311B /* 0865.smallest-subtree-with-all-the-deepest-nodes.swift */,
				E54FC6042A970E88001768B8 /* 0870.advantage-shuffle.swift */,
				E54FC5FC2A960EC5001768B8 /* 0875.koko-eating-bananas.swift */,
				E5801B7F2A89FEA00088B018 /* 0876.middle-of-the-linked-list.swift */,
				E506081B2AA9A43F0083311B /* 0878.nth-magical-number.swift */,
				E52E1B3A2A9DDAC5008DFCF8 /* 0889.construct-binary-tree-from-preorder-and-postorder-traversal.swift */,
				E5FB8FFB2A97609D002891F8 /* 0912.sort-an-array.swift */,
				E54FC5FE2A96131A001768B8 /* 1011.capacity-to-ship-packages-within-d-days.swift */,
				E580B8622AA1C1D400020F4D /* 1038.binary-search-tree-to-greater-sum-tree.swift */,
				E5FB8FF92A975DBE002891F8 /* 1081.smallest-subsequence-of-distinct-characters.swift */,
				E54FC5CA2A8E1E29001768B8 /* 1094.car-pooling.swift */,
				E54FC5CE2A8E22F3001768B8 /* 1109.corporate-flight-bookings.swift */,
				E54FC6022A970A27001768B8 /* 1267.count-servers-that-communicate.swift */,
				E5512D202A8361EE00602494 /* 1281.subtract-the-product-and-sum-of-digits-of-an-integer.swift */,
				E54FC5D02A8F02EA001768B8 /* 1388.pizza-with-3n-slices.swift */,
				E54FC5C62A8DBCB0001768B8 /* 1444.number-of-ways-of-cutting-a-pizza.swift */,
				E57677B32A86302800B6F386 /* 1572.matrix-diagonal-sum.swift */,
				E5F07A3A2A9EEEC600CFA6BD /* 1654.minimum-jumps-to-reach-home.swift */,
				E5512D1A2A82429A00602494 /* 1749.maximum-absolute-sum-of-any-subarray.swift */,
				E5F07A3E2AA0318D00CFA6BD /* 1761.minimum-degree-of-a-connected-trio-in-a-graph:description.swift */,
				E54FC5F42A95AE47001768B8 /* 1782.count-pairs-of-nodes.swift */,
				E580B8702AA583D300020F4D /* 1921.eliminate-maximum-number-of-monsters.swift */,
				E50608192AA980BA0083311B /* 2187.minimum-time-to-complete-trips.swift */,
				E50608172AA97CF60083311B /* 2226.maximum-candies-allocated-to-k-children.swift */,
				E54FC5F22A95A882001768B8 /* 2237.move-pieces-to-obtain-a-string.swift */,
				E580B85E2AA1BCE400020F4D /* 2240.number-of-ways-to-buy-pens-and-pencils.swift */,
				E50608152AA973E40083311B /* 2439.minimize-maximum-of-array.swift */,
				E50608132AA965CF0083311B /* 2594.minimum-time-to-repair-cars.swift */,
				E54FC5C02A8C9ADD001768B8 /* 2682.find-the-losers-of-the-circular-game.swift */,
				E5512CD12A7A454400602494 /* Common */,
			);
			path = Leetcode;
			sourceTree = "<group>";
		};
		E5512CD12A7A454400602494 /* Common */ = {
			isa = PBXGroup;
			children = (
				E54FC62F2A973C94001768B8 /* Difference.swift */,
				E5801B7B2A89D4EA0088B018 /* Heap.swift */,
				E5512CC42A78E6CD00602494 /* ListNode.swift */,
				E52E1B282A9C9AC0008DFCF8 /* Node.swift */,
				E5512CD22A7A456800602494 /* Solution.swift */,
				E5512CD82A7A4ABD00602494 /* TreeNode.swift */,
			);
			path = Common;
			sourceTree = "<group>";
		};
/* End PBXGroup section */

/* Begin PBXNativeTarget section */
		E54FC61D2A97347D001768B8 /* swift-algorithm-tests */ = {
			isa = PBXNativeTarget;
			buildConfigurationList = E54FC6222A97347D001768B8 /* Build configuration list for PBXNativeTarget "swift-algorithm-tests" */;
			buildPhases = (
				E54FC61A2A97347D001768B8 /* Sources */,
				E54FC61B2A97347D001768B8 /* Frameworks */,
				E54FC61C2A97347D001768B8 /* Resources */,
			);
			buildRules = (
			);
			dependencies = (
			);
			name = "swift-algorithm-tests";
			productName = "swift-algorithm-tests";
			productReference = E54FC61E2A97347D001768B8 /* swift-algorithm-tests.xctest */;
			productType = "com.apple.product-type.bundle.unit-test";
		};
		E5512CB72A78E67900602494 /* swift-algorithm */ = {
			isa = PBXNativeTarget;
			buildConfigurationList = E5512CBF2A78E67900602494 /* Build configuration list for PBXNativeTarget "swift-algorithm" */;
			buildPhases = (
				E5512CB42A78E67900602494 /* Sources */,
				E5512CB52A78E67900602494 /* Frameworks */,
				E5512CB62A78E67900602494 /* CopyFiles */,
			);
			buildRules = (
			);
			dependencies = (
			);
			name = "swift-algorithm";
			productName = "swift-algorithm";
			productReference = E5512CB82A78E67900602494 /* swift-algorithm */;
			productType = "com.apple.product-type.tool";
		};
/* End PBXNativeTarget section */

/* Begin PBXProject section */
		E5512CB02A78E67900602494 /* Project object */ = {
			isa = PBXProject;
			attributes = {
				BuildIndependentTargetsInParallel = 1;
				LastSwiftUpdateCheck = 1420;
				LastUpgradeCheck = 1420;
				TargetAttributes = {
					E54FC61D2A97347D001768B8 = {
						CreatedOnToolsVersion = 14.2;
					};
					E5512CB72A78E67900602494 = {
						CreatedOnToolsVersion = 14.2;
					};
				};
			};
			buildConfigurationList = E5512CB32A78E67900602494 /* Build configuration list for PBXProject "swift-algorithm" */;
			compatibilityVersion = "Xcode 14.0";
			developmentRegion = en;
			hasScannedForEncodings = 0;
			knownRegions = (
				en,
				Base,
			);
			mainGroup = E5512CAF2A78E67900602494;
			productRefGroup = E5512CB92A78E67900602494 /* Products */;
			projectDirPath = "";
			projectRoot = "";
			targets = (
				E5512CB72A78E67900602494 /* swift-algorithm */,
				E54FC61D2A97347D001768B8 /* swift-algorithm-tests */,
			);
		};
/* End PBXProject section */

/* Begin PBXResourcesBuildPhase section */
		E54FC61C2A97347D001768B8 /* Resources */ = {
			isa = PBXResourcesBuildPhase;
			buildActionMask = 2147483647;
			files = (
			);
			runOnlyForDeploymentPostprocessing = 0;
		};
/* End PBXResourcesBuildPhase section */

/* Begin PBXSourcesBuildPhase section */
		E54FC61A2A97347D001768B8 /* Sources */ = {
			isa = PBXSourcesBuildPhase;
			buildActionMask = 2147483647;
			files = (
				E54FC6292A9735D3001768B8 /* 0001.two-sum-Tests.swift in Sources */,
				E54FC6212A97347D001768B8 /* swift_algorithm_tests.swift in Sources */,
				E54FC62C2A973931001768B8 /* TestUtilities.swift in Sources */,
			);
			runOnlyForDeploymentPostprocessing = 0;
		};
		E5512CB42A78E67900602494 /* Sources */ = {
			isa = PBXSourcesBuildPhase;
			buildActionMask = 2147483647;
			files = (
				E5512CD02A7A451000602494 /* 0001.two-sum.swift in Sources */,
				E576779E2A84C2DB00B6F386 /* 0002.add-two-numbers.swift in Sources */,
				E5512CF02A80C2E900602494 /* 0003.longest-substring-without-repeating-characters.swift in Sources */,
				E54FC5C32A8CACA9001768B8 /* 0004.median-of-two-sorted-arrays.swift in Sources */,
				E5512CD52A7A461A00602494 /* 0005.longest-palindromic-substring.swift in Sources */,
				E54FC5DD2A8F6967001768B8 /* 0006.zigzag-conversion.swift in Sources */,
				E52E1B2F2A9D9BAD008DFCF8 /* 0007.reverse-integer.swift in Sources */,
				E52E1B312A9D9BF9008DFCF8 /* 0008.string-to-integer-atoi.swift in Sources */,
				E5512CD72A7A465D00602494 /* 0009.palindrome-number.swift in Sources */,
				E52E1B332A9D9C74008DFCF8 /* 0010.regular-expression-matching.swift in Sources */,
				E57677B22A86225B00B6F386 /* 0011.container-with-most-water.swift in Sources */,
				E54FC5DF2A935C61001768B8 /* 0015.3sum.swift in Sources */,
				E54FC5F12A94BE78001768B8 /* 0018.4sum.swift in Sources */,
				E5801B7E2A89F8870088B018 /* 0019.remove-nth-node-from-end-of-list.swift in Sources */,
				E54FC5E12A94585B001768B8 /* 0020.valid-parentheses.swift in Sources */,
				E5512CFE2A80E39B00602494 /* 0021.merge-two-sorted-lists.swift in Sources */,
				E57677BA2A89CD2800B6F386 /* 0023.merge-k-sorted-lists.swift in Sources */,
				E5A9B1432A8B28C000099C3C /* 0025.reverse-nodes-in-k-group.swift in Sources */,
				E5512D002A80E42F00602494 /* 0026.remove-duplicates-from-sorted-array.swift in Sources */,
				E5512D022A80E46400602494 /* 0027.remove-element.swift in Sources */,
				E54FC5F92A95E20C001768B8 /* 0028.find-the-index-of-the-first-occurrence-in-a-string:description.swift in Sources */,
				E5512D232A8364E000602494 /* 0034.find-first-and-last-position-of-element-in-sorted-array.swift in Sources */,
				E5512D042A80E4C600602494 /* 0035.search-insert-position.swift in Sources */,
				E5512CEB2A808CDA00602494 /* 0037.sudoku-solver.swift in Sources */,
				E5512CFC2A80E2C700602494 /* 0039.combination-sum.swift in Sources */,
				E5512CF82A80DCE600602494 /* 0040.combination-sum-ii.swift in Sources */,
				E50607E32AA5DF660083311B /* 0041.first-missing-positive.swift in Sources */,
				E576779C2A84BDD500B6F386 /* 0042.trapping-rain-water.swift in Sources */,
				E5512CE92A7CF9CF00602494 /* 0046.permutations.swift in Sources */,
				E5512CFA2A80E27A00602494 /* 0047.permutations-ii.swift in Sources */,
				E54FC5D52A8F4C19001768B8 /* 0048.rotate-image.swift in Sources */,
				E5512CED2A808CFB00602494 /* 0051.n-queens.swift in Sources */,
				E5512D062A80E59500602494 /* 0052.n-queens-ii.swift in Sources */,
				E5512D1D2A82434E00602494 /* 0053.maximum-subarray.swift in Sources */,
				E54FC5D92A8F56E8001768B8 /* 0054.spiral-matrix.swift in Sources */,
				E54FC5E52A9465C4001768B8 /* 0055.jump-game.swift in Sources */,
				E52E1B1D2A9C7082008DFCF8 /* 0056.merge-intervals.swift in Sources */,
				E52E1B1F2A9C73B3008DFCF8 /* 0057.insert-interval.swift in Sources */,
				E54FC5DB2A8F5BFC001768B8 /* 0059.spiral-matrix-ii.swift in Sources */,
				E54FC5E32A945F5D001768B8 /* 0070.climbing-stairs.swift in Sources */,
				E57677922A837C2D00B6F386 /* 0076.minimum-window-substring.swift in Sources */,
				E5512CF42A80D38100602494 /* 0077.combinations.swift in Sources */,
				E5512CF22A80CA6600602494 /* 0078.subsets.swift in Sources */,
				E57677A02A84C57C00B6F386 /* 0082.remove-duplicates-from-sorted-list-ii.swift in Sources */,
				E5512D082A80E63400602494 /* 0083.remove-duplicates-from-sorted-list.swift in Sources */,
				E57677B82A89C9C500B6F386 /* 0086.partition-list.swift in Sources */,
				E5512D102A81DAF800602494 /* 0088.merge-sorted-array.swift in Sources */,
				E5512CF62A80DB9300602494 /* 0090.subsets-ii.swift in Sources */,
				E5801B862A8A1AFA0088B018 /* 0092.reverse-linked-list-ii.swift in Sources */,
				E57677A22A84C5DE00B6F386 /* 0094.binary-tree-inorder-traversal.swift in Sources */,
				E580B86F2AA1E7F900020F4D /* 0095.unique-binary-search-trees-ii.swift in Sources */,
				E580B86D2AA1E7CD00020F4D /* 0096.unique-binary-search-trees.swift in Sources */,
				E580B8652AA1C58600020F4D /* 0098.validate-binary-search-tree.swift in Sources */,
				E5512CDB2A7B401000602494 /* 0104.maximum-depth-of-binary-tree.swift in Sources */,
				E52E1B372A9DCC16008DFCF8 /* 0105.construct-binary-tree-from-preorder-and-inorder-traversal.swift in Sources */,
				E52E1B392A9DD913008DFCF8 /* 0106.construct-binary-tree-from-inorder-and-postorder-traversal.swift in Sources */,
				E5512D0E2A80FD4200602494 /* 0111.minimum-depth-of-binary-tree.swift in Sources */,
				E52E1B2B2A9CA4A7008DFCF8 /* 0114.flatten-binary-tree-to-linked-list.swift in Sources */,
				E52E1B272A9C9A36008DFCF8 /* 0116.populating-next-right-pointers-in-each-node.swift in Sources */,
				E54FC5EF2A94A788001768B8 /* 0118.pascals-triangle.swift in Sources */,
				E5512D142A822C5600602494 /* 0121.best-time-to-buy-and-sell-stock.swift in Sources */,
				E5512D162A8238B400602494 /* 0122.best-time-to-buy-and-sell-stock-ii.swift in Sources */,
				E576779A2A84BB7100B6F386 /* 0123.best-time-to-buy-and-sell-stock-iii.swift in Sources */,
				E52E1B212A9C812F008DFCF8 /* 0124.binary-tree-maximum-path-sum.swift in Sources */,
				E5801B842A8A00260088B018 /* 0141.linked-list-cycle.swift in Sources */,
				E5801B822A89FFE40088B018 /* 0142.linked-list-cycle-ii.swift in Sources */,
				E5512CDD2A7B472D00602494 /* 0144.binary-tree-preorder-traversal.swift in Sources */,
				E57677A42A84C6B400B6F386 /* 0145.binary-tree-postorder-traversal.swift in Sources */,
				E54FC5D72A8F4D6D001768B8 /* 0151.reverse-words-in-a-string.swift in Sources */,
				E5512D0A2A80E7AC00602494 /* 0160.intersection-of-two-linked-lists.swift in Sources */,
				E5512D0C2A80E7E800602494 /* 0167.two-sum-ii-input-array-is-sorted.swift in Sources */,
				E54FC5F72A95DA3A001768B8 /* 0187.repeated-dna-sequences.swift in Sources */,
				E57677982A84BB1F00B6F386 /* 0188.best-time-to-buy-and-sell-stock-iv.swift in Sources */,
				E5512D122A81EC8700602494 /* 0189.rotate-array.swift in Sources */,
				E54FC5E92A94923A001768B8 /* 0198.house-robber.swift in Sources */,
				E5801B882A8A1CDA0088B018 /* 0206.reverse-linked-list.swift in Sources */,
				E54FC5EB2A949BD9001768B8 /* 0213.house-robber-ii.swift in Sources */,
				E52E1B252A9C9838008DFCF8 /* 0226.invert-binary-tree.swift in Sources */,
				E52E1B1B2A9C38CE008DFCF8 /* 0228.summary-ranges.swift in Sources */,
				E580B85D2AA1B9E600020F4D /* 0230.kth-smallest-element-in-a-bst.swift in Sources */,
				E5A9B1472A8B7A2200099C3C /* 0234.palindrome-linked-list.swift in Sources */,
				E57677A62A84C77300B6F386 /* 0283.move-zeroes.swift in Sources */,
				E5F07A3D2A9F2B4100CFA6BD /* 0297.serialize-and-deserialize-binary-tree.swift in Sources */,
				E54FC5C52A8CD1D1001768B8 /* 0303.range-sum-query-immutable.swift in Sources */,
				E54FC5C92A8E111E001768B8 /* 0304.range-sum-query-2d-immutable.swift in Sources */,
				E57677AE2A85E07A00B6F386 /* 0309.best-time-to-buy-and-sell-stock-with-cooldown.swift in Sources */,
				E5512CE72A7CF0FA00602494 /* 0314.binary-tree-vertical-order-traversal.swift in Sources */,
				E5F07A412AA038F700CFA6BD /* 0315.count-of-smaller-numbers-after-self.swift in Sources */,
				E54FC6342A974875001768B8 /* 0316.remove-duplicate-letters.swift in Sources */,
				E5512CE52A7CF0AD00602494 /* 0320.generalized-abbreviation.swift in Sources */,
				E5512CE32A7CD09E00602494 /* 0322.coin-change.swift in Sources */,
				E580B85B2AA1896F00020F4D /* 0327.count-of-range-sum.swift in Sources */,
				E54FC5ED2A949D92001768B8 /* 0337.house-robber-iii.swift in Sources */,
				E57677A82A84C7D400B6F386 /* 0344.reverse-string.swift in Sources */,
				E54FC5CD2A8E20AC001768B8 /* 0370.range-addition.swift in Sources */,
				E54FC62E2A973C39001768B8 /* 0380.insert-delete-getrandom-o1.swift in Sources */,
				E5FB8FF82A974A6E002891F8 /* 0402.remove-k-digits.swift in Sources */,
				E54FC6012A96FD15001768B8 /* 0410.split-array-largest-sum.swift in Sources */,
				E57677962A847BA500B6F386 /* 0438.find-all-anagrams-in-a-string.swift in Sources */,
				E580B8692AA1D55B00020F4D /* 0450.delete-node-in-a-bst.swift in Sources */,
				E580B8592AA098A400020F4D /* 0493.reverse-pairs.swift in Sources */,
				E5512CE12A7C9CA100602494 /* 0509.fibonacci-number.swift in Sources */,
				E52E1B232A9C8A10008DFCF8 /* 0515.find-largest-value-in-each-tree-row.swift in Sources */,
				E54FC5FB2A95F443001768B8 /* 0528.random-pick-with-weight.swift in Sources */,
				E580B8612AA1C1A300020F4D /* 0538.convert-bst-to-greater-tree.swift in Sources */,
				E5512CDF2A7B875F00602494 /* 0543.diameter-of-binary-tree.swift in Sources */,
				E57677942A838B4A00B6F386 /* 0567.permutation-in-string.swift in Sources */,
				E57677B62A89C4F900B6F386 /* 0617.merge-two-binary-trees.swift in Sources */,
				E52E1B3D2A9DF3AD008DFCF8 /* 0652.find-duplicate-subtrees.swift in Sources */,
				E52E1B352A9DCB66008DFCF8 /* 0654.maximum-binary-tree.swift in Sources */,
				E580B8672AA1C7F700020F4D /* 0700.search-in-a-binary-search-tree.swift in Sources */,
				E580B86B2AA1D5A100020F4D /* 0701.insert-into-a-binary-search-tree.swift in Sources */,
				E57677AA2A84C8F100B6F386 /* 0704.binary-search.swift in Sources */,
				E54FC6322A974043001768B8 /* 0710.random-pick-with-blacklist.swift in Sources */,
				E57677B02A85E71C00B6F386 /* 0714.best-time-to-buy-and-sell-stock-with-transaction-fee.swift in Sources */,
				E5512D1F2A8246D400602494 /* 0752.open-the-lock.swift in Sources */,
				E54FC5D32A8F3CBA001768B8 /* 0798.smallest-rotation-with-highest-score.swift in Sources */,
				E52E1B2D2A9D858D008DFCF8 /* 0823.binary-trees-with-factors.swift in Sources */,
				E5A9B1452A8B29CE00099C3C /* 0833.find-and-replace-in-string.swift in Sources */,
				E54FC5E72A946625001768B8 /* 0849.maximize-distance-to-closest-person.swift in Sources */,
				E50608122AA876A90083311B /* 0865.smallest-subtree-with-all-the-deepest-nodes.swift in Sources */,
				E54FC6052A970E88001768B8 /* 0870.advantage-shuffle.swift in Sources */,
				E54FC5FD2A960EC5001768B8 /* 0875.koko-eating-bananas.swift in Sources */,
				E5801B802A89FEA00088B018 /* 0876.middle-of-the-linked-list.swift in Sources */,
				E506081C2AA9A43F0083311B /* 0878.nth-magical-number.swift in Sources */,
				E52E1B3B2A9DDAC5008DFCF8 /* 0889.construct-binary-tree-from-preorder-and-postorder-traversal.swift in Sources */,
				E5FB8FFC2A97609D002891F8 /* 0912.sort-an-array.swift in Sources */,
				E54FC5FF2A96131A001768B8 /* 1011.capacity-to-ship-packages-within-d-days.swift in Sources */,
				E580B8632AA1C1D400020F4D /* 1038.binary-search-tree-to-greater-sum-tree.swift in Sources */,
				E5FB8FFA2A975DBE002891F8 /* 1081.smallest-subsequence-of-distinct-characters.swift in Sources */,
				E54FC5CB2A8E1E29001768B8 /* 1094.car-pooling.swift in Sources */,
				E54FC5CF2A8E22F3001768B8 /* 1109.corporate-flight-bookings.swift in Sources */,
				E54FC6032A970A27001768B8 /* 1267.count-servers-that-communicate.swift in Sources */,
				E5512D212A8361EE00602494 /* 1281.subtract-the-product-and-sum-of-digits-of-an-integer.swift in Sources */,
				E54FC5D12A8F02EA001768B8 /* 1388.pizza-with-3n-slices.swift in Sources */,
				E54FC5C72A8DBCB0001768B8 /* 1444.number-of-ways-of-cutting-a-pizza.swift in Sources */,
				E57677B42A86302800B6F386 /* 1572.matrix-diagonal-sum.swift in Sources */,
				E5F07A3B2A9EEEC600CFA6BD /* 1654.minimum-jumps-to-reach-home.swift in Sources */,
				E5512D1B2A82429A00602494 /* 1749.maximum-absolute-sum-of-any-subarray.swift in Sources */,
				E5F07A3F2AA0318D00CFA6BD /* 1761.minimum-degree-of-a-connected-trio-in-a-graph:description.swift in Sources */,
				E54FC5F52A95AE47001768B8 /* 1782.count-pairs-of-nodes.swift in Sources */,
				E580B8712AA583D300020F4D /* 1921.eliminate-maximum-number-of-monsters.swift in Sources */,
				E506081A2AA980BA0083311B /* 2187.minimum-time-to-complete-trips.swift in Sources */,
				E50608182AA97CF60083311B /* 2226.maximum-candies-allocated-to-k-children.swift in Sources */,
				E54FC5F32A95A882001768B8 /* 2237.move-pieces-to-obtain-a-string.swift in Sources */,
				E580B85F2AA1BCE400020F4D /* 2240.number-of-ways-to-buy-pens-and-pencils.swift in Sources */,
				E50608162AA973E40083311B /* 2439.minimize-maximum-of-array.swift in Sources */,
				E50608142AA965CF0083311B /* 2594.minimum-time-to-repair-cars.swift in Sources */,
				E54FC5C12A8C9ADD001768B8 /* 2682.find-the-losers-of-the-circular-game.swift in Sources */,
				E54FC6302A973C94001768B8 /* Difference.swift in Sources */,
				E5801B7C2A89D4EA0088B018 /* Heap.swift in Sources */,
				E5512CC62A78E6CD00602494 /* ListNode.swift in Sources */,
				E5512CC72A78E6CD00602494 /* main.swift in Sources */,
				E52E1B292A9C9AC0008DFCF8 /* Node.swift in Sources */,
				E5512CD32A7A456800602494 /* Solution.swift in Sources */,
				E5512CD92A7A4ABD00602494 /* TreeNode.swift in Sources */,
			);
			runOnlyForDeploymentPostprocessing = 0;
		};
/* End PBXSourcesBuildPhase section */

/* Begin XCBuildConfiguration section */
		E54FC6232A97347D001768B8 /* Debug */ = {
			isa = XCBuildConfiguration;
			buildSettings = {
				CODE_SIGN_STYLE = Automatic;
				CURRENT_PROJECT_VERSION = 1;
				DEVELOPMENT_TEAM = 5VNYFS5E7K;
				GENERATE_INFOPLIST_FILE = YES;
				MARKETING_VERSION = 1.0;
				PRODUCT_BUNDLE_IDENTIFIER = "com.misaka.app.swift-algorithm-tests";
				PRODUCT_NAME = "$(TARGET_NAME)";
				SWIFT_EMIT_LOC_STRINGS = NO;
				SWIFT_VERSION = 5.0;
			};
			name = Debug;
		};
		E54FC6242A97347D001768B8 /* Release */ = {
			isa = XCBuildConfiguration;
			buildSettings = {
				CODE_SIGN_STYLE = Automatic;
				CURRENT_PROJECT_VERSION = 1;
				DEVELOPMENT_TEAM = 5VNYFS5E7K;
				GENERATE_INFOPLIST_FILE = YES;
				MARKETING_VERSION = 1.0;
				PRODUCT_BUNDLE_IDENTIFIER = "com.misaka.app.swift-algorithm-tests";
				PRODUCT_NAME = "$(TARGET_NAME)";
				SWIFT_EMIT_LOC_STRINGS = NO;
				SWIFT_VERSION = 5.0;
			};
			name = Release;
		};
		E5512CBD2A78E67900602494 /* Debug */ = {
			isa = XCBuildConfiguration;
			buildSettings = {
				ALWAYS_SEARCH_USER_PATHS = NO;
				CLANG_ANALYZER_NONNULL = YES;
				CLANG_ANALYZER_NUMBER_OBJECT_CONVERSION = YES_AGGRESSIVE;
				CLANG_CXX_LANGUAGE_STANDARD = "gnu++20";
				CLANG_ENABLE_MODULES = YES;
				CLANG_ENABLE_OBJC_ARC = YES;
				CLANG_ENABLE_OBJC_WEAK = YES;
				CLANG_WARN_BLOCK_CAPTURE_AUTORELEASING = YES;
				CLANG_WARN_BOOL_CONVERSION = YES;
				CLANG_WARN_COMMA = YES;
				CLANG_WARN_CONSTANT_CONVERSION = YES;
				CLANG_WARN_DEPRECATED_OBJC_IMPLEMENTATIONS = YES;
				CLANG_WARN_DIRECT_OBJC_ISA_USAGE = YES_ERROR;
				CLANG_WARN_DOCUMENTATION_COMMENTS = YES;
				CLANG_WARN_EMPTY_BODY = YES;
				CLANG_WARN_ENUM_CONVERSION = YES;
				CLANG_WARN_INFINITE_RECURSION = YES;
				CLANG_WARN_INT_CONVERSION = YES;
				CLANG_WARN_NON_LITERAL_NULL_CONVERSION = YES;
				CLANG_WARN_OBJC_IMPLICIT_RETAIN_SELF = YES;
				CLANG_WARN_OBJC_LITERAL_CONVERSION = YES;
				CLANG_WARN_OBJC_ROOT_CLASS = YES_ERROR;
				CLANG_WARN_QUOTED_INCLUDE_IN_FRAMEWORK_HEADER = YES;
				CLANG_WARN_RANGE_LOOP_ANALYSIS = YES;
				CLANG_WARN_STRICT_PROTOTYPES = YES;
				CLANG_WARN_SUSPICIOUS_MOVE = YES;
				CLANG_WARN_UNGUARDED_AVAILABILITY = YES_AGGRESSIVE;
				CLANG_WARN_UNREACHABLE_CODE = YES;
				CLANG_WARN__DUPLICATE_METHOD_MATCH = YES;
				COPY_PHASE_STRIP = NO;
				DEBUG_INFORMATION_FORMAT = dwarf;
				ENABLE_STRICT_OBJC_MSGSEND = YES;
				ENABLE_TESTABILITY = YES;
				GCC_C_LANGUAGE_STANDARD = gnu11;
				GCC_DYNAMIC_NO_PIC = NO;
				GCC_NO_COMMON_BLOCKS = YES;
				GCC_OPTIMIZATION_LEVEL = 0;
				GCC_PREPROCESSOR_DEFINITIONS = (
					"DEBUG=1",
					"$(inherited)",
				);
				GCC_WARN_64_TO_32_BIT_CONVERSION = YES;
				GCC_WARN_ABOUT_RETURN_TYPE = YES_ERROR;
				GCC_WARN_UNDECLARED_SELECTOR = YES;
				GCC_WARN_UNINITIALIZED_AUTOS = YES_AGGRESSIVE;
				GCC_WARN_UNUSED_FUNCTION = YES;
				GCC_WARN_UNUSED_VARIABLE = YES;
				MACOSX_DEPLOYMENT_TARGET = 13.1;
				MTL_ENABLE_DEBUG_INFO = INCLUDE_SOURCE;
				MTL_FAST_MATH = YES;
				ONLY_ACTIVE_ARCH = YES;
				SDKROOT = macosx;
				SWIFT_ACTIVE_COMPILATION_CONDITIONS = DEBUG;
				SWIFT_OPTIMIZATION_LEVEL = "-Onone";
			};
			name = Debug;
		};
		E5512CBE2A78E67900602494 /* Release */ = {
			isa = XCBuildConfiguration;
			buildSettings = {
				ALWAYS_SEARCH_USER_PATHS = NO;
				CLANG_ANALYZER_NONNULL = YES;
				CLANG_ANALYZER_NUMBER_OBJECT_CONVERSION = YES_AGGRESSIVE;
				CLANG_CXX_LANGUAGE_STANDARD = "gnu++20";
				CLANG_ENABLE_MODULES = YES;
				CLANG_ENABLE_OBJC_ARC = YES;
				CLANG_ENABLE_OBJC_WEAK = YES;
				CLANG_WARN_BLOCK_CAPTURE_AUTORELEASING = YES;
				CLANG_WARN_BOOL_CONVERSION = YES;
				CLANG_WARN_COMMA = YES;
				CLANG_WARN_CONSTANT_CONVERSION = YES;
				CLANG_WARN_DEPRECATED_OBJC_IMPLEMENTATIONS = YES;
				CLANG_WARN_DIRECT_OBJC_ISA_USAGE = YES_ERROR;
				CLANG_WARN_DOCUMENTATION_COMMENTS = YES;
				CLANG_WARN_EMPTY_BODY = YES;
				CLANG_WARN_ENUM_CONVERSION = YES;
				CLANG_WARN_INFINITE_RECURSION = YES;
				CLANG_WARN_INT_CONVERSION = YES;
				CLANG_WARN_NON_LITERAL_NULL_CONVERSION = YES;
				CLANG_WARN_OBJC_IMPLICIT_RETAIN_SELF = YES;
				CLANG_WARN_OBJC_LITERAL_CONVERSION = YES;
				CLANG_WARN_OBJC_ROOT_CLASS = YES_ERROR;
				CLANG_WARN_QUOTED_INCLUDE_IN_FRAMEWORK_HEADER = YES;
				CLANG_WARN_RANGE_LOOP_ANALYSIS = YES;
				CLANG_WARN_STRICT_PROTOTYPES = YES;
				CLANG_WARN_SUSPICIOUS_MOVE = YES;
				CLANG_WARN_UNGUARDED_AVAILABILITY = YES_AGGRESSIVE;
				CLANG_WARN_UNREACHABLE_CODE = YES;
				CLANG_WARN__DUPLICATE_METHOD_MATCH = YES;
				COPY_PHASE_STRIP = NO;
				DEBUG_INFORMATION_FORMAT = "dwarf-with-dsym";
				ENABLE_NS_ASSERTIONS = NO;
				ENABLE_STRICT_OBJC_MSGSEND = YES;
				GCC_C_LANGUAGE_STANDARD = gnu11;
				GCC_NO_COMMON_BLOCKS = YES;
				GCC_WARN_64_TO_32_BIT_CONVERSION = YES;
				GCC_WARN_ABOUT_RETURN_TYPE = YES_ERROR;
				GCC_WARN_UNDECLARED_SELECTOR = YES;
				GCC_WARN_UNINITIALIZED_AUTOS = YES_AGGRESSIVE;
				GCC_WARN_UNUSED_FUNCTION = YES;
				GCC_WARN_UNUSED_VARIABLE = YES;
				MACOSX_DEPLOYMENT_TARGET = 13.1;
				MTL_ENABLE_DEBUG_INFO = NO;
				MTL_FAST_MATH = YES;
				SDKROOT = macosx;
				SWIFT_COMPILATION_MODE = wholemodule;
				SWIFT_OPTIMIZATION_LEVEL = "-O";
			};
			name = Release;
		};
		E5512CC02A78E67900602494 /* Debug */ = {
			isa = XCBuildConfiguration;
			buildSettings = {
				CODE_SIGN_STYLE = Automatic;
				PRODUCT_NAME = "$(TARGET_NAME)";
				SWIFT_VERSION = 5.0;
			};
			name = Debug;
		};
		E5512CC12A78E67900602494 /* Release */ = {
			isa = XCBuildConfiguration;
			buildSettings = {
				CODE_SIGN_STYLE = Automatic;
				PRODUCT_NAME = "$(TARGET_NAME)";
				SWIFT_VERSION = 5.0;
			};
			name = Release;
		};
/* End XCBuildConfiguration section */

/* Begin XCConfigurationList section */
		E54FC6222A97347D001768B8 /* Build configuration list for PBXNativeTarget "swift-algorithm-tests" */ = {
			isa = XCConfigurationList;
			buildConfigurations = (
				E54FC6232A97347D001768B8 /* Debug */,
				E54FC6242A97347D001768B8 /* Release */,
			);
			defaultConfigurationIsVisible = 0;
			defaultConfigurationName = Release;
		};
		E5512CB32A78E67900602494 /* Build configuration list for PBXProject "swift-algorithm" */ = {
			isa = XCConfigurationList;
			buildConfigurations = (
				E5512CBD2A78E67900602494 /* Debug */,
				E5512CBE2A78E67900602494 /* Release */,
			);
			defaultConfigurationIsVisible = 0;
			defaultConfigurationName = Release;
		};
		E5512CBF2A78E67900602494 /* Build configuration list for PBXNativeTarget "swift-algorithm" */ = {
			isa = XCConfigurationList;
			buildConfigurations = (
				E5512CC02A78E67900602494 /* Debug */,
				E5512CC12A78E67900602494 /* Release */,
			);
			defaultConfigurationIsVisible = 0;
			defaultConfigurationName = Release;
		};
/* End XCConfigurationList section */
	};
	rootObject = E5512CB02A78E67900602494 /* Project object */;
}
