// !$*UTF8*$!
{
	archiveVersion = 1;
	classes = {
	};
	objectVersion = 56;
	objects = {

/* Begin PBXBuildFile section */
		E5512CC62A78E6CD00602494 /* ListNode.swift in Sources */ = {isa = PBXBuildFile; fileRef = E5512CC42A78E6CD00602494 /* ListNode.swift */; };
		E5512CC72A78E6CD00602494 /* main.swift in Sources */ = {isa = PBXBuildFile; fileRef = E5512CC52A78E6CD00602494 /* main.swift */; };
		E5512CCC2A790B5800602494 /* linkList.swift in Sources */ = {isa = PBXBuildFile; fileRef = E5512CC92A790B5800602494 /* linkList.swift */; };
		E5512CCD2A790B5800602494 /* array.swift in Sources */ = {isa = PBXBuildFile; fileRef = E5512CCB2A790B5800602494 /* array.swift */; };
		E5512CD02A7A451000602494 /* 1.两数之和.swift in Sources */ = {isa = PBXBuildFile; fileRef = E5512CCF2A7A451000602494 /* 1.两数之和.swift */; };
		E5512CD32A7A456800602494 /* Solution.swift in Sources */ = {isa = PBXBuildFile; fileRef = E5512CD22A7A456800602494 /* Solution.swift */; };
		E5512CD52A7A461A00602494 /* 5.最长回文子串.swift in Sources */ = {isa = PBXBuildFile; fileRef = E5512CD42A7A461A00602494 /* 5.最长回文子串.swift */; };
		E5512CD72A7A465D00602494 /* 9.回文数.swift in Sources */ = {isa = PBXBuildFile; fileRef = E5512CD62A7A465D00602494 /* 9.回文数.swift */; };
		E5512CD92A7A4ABD00602494 /* TreeNode.swift in Sources */ = {isa = PBXBuildFile; fileRef = E5512CD82A7A4ABD00602494 /* TreeNode.swift */; };
		E5512CDB2A7B401000602494 /* 104.二叉树的最大深度.swift in Sources */ = {isa = PBXBuildFile; fileRef = E5512CDA2A7B401000602494 /* 104.二叉树的最大深度.swift */; };
		E5512CDD2A7B472D00602494 /* 144.二叉树的前序遍历.swift in Sources */ = {isa = PBXBuildFile; fileRef = E5512CDC2A7B472D00602494 /* 144.二叉树的前序遍历.swift */; };
		E5512CDF2A7B875F00602494 /* 543.二叉树的直径.swift in Sources */ = {isa = PBXBuildFile; fileRef = E5512CDE2A7B875F00602494 /* 543.二叉树的直径.swift */; };
		E5512CE12A7C9CA100602494 /* 509.斐波那契数.swift in Sources */ = {isa = PBXBuildFile; fileRef = E5512CE02A7C9CA100602494 /* 509.斐波那契数.swift */; };
		E5512CE32A7CD09E00602494 /* 322.零钱兑换.swift in Sources */ = {isa = PBXBuildFile; fileRef = E5512CE22A7CD09E00602494 /* 322.零钱兑换.swift */; };
		E5512CE52A7CF0AD00602494 /* 320.列举单词的全部缩写.swift in Sources */ = {isa = PBXBuildFile; fileRef = E5512CE42A7CF0AD00602494 /* 320.列举单词的全部缩写.swift */; };
		E5512CE72A7CF0FA00602494 /* 314.二叉树的垂直遍历.swift in Sources */ = {isa = PBXBuildFile; fileRef = E5512CE62A7CF0FA00602494 /* 314.二叉树的垂直遍历.swift */; };
		E5512CE92A7CF9CF00602494 /* 46.全排列.swift in Sources */ = {isa = PBXBuildFile; fileRef = E5512CE82A7CF9CF00602494 /* 46.全排列.swift */; };
		E5512CEB2A808CDA00602494 /* 37.解数独.swift in Sources */ = {isa = PBXBuildFile; fileRef = E5512CEA2A808CDA00602494 /* 37.解数独.swift */; };
		E5512CED2A808CFB00602494 /* 51.N 皇后.swift in Sources */ = {isa = PBXBuildFile; fileRef = E5512CEC2A808CFB00602494 /* 51.N 皇后.swift */; };
		E5512CF02A80C2E900602494 /* 3.无重复字符的最长子串.swift in Sources */ = {isa = PBXBuildFile; fileRef = E5512CEF2A80C2E900602494 /* 3.无重复字符的最长子串.swift */; };
		E5512CF22A80CA6600602494 /* 78.子集.swift in Sources */ = {isa = PBXBuildFile; fileRef = E5512CF12A80CA6600602494 /* 78.子集.swift */; };
		E5512CF42A80D38100602494 /* 77.组合.swift in Sources */ = {isa = PBXBuildFile; fileRef = E5512CF32A80D38100602494 /* 77.组合.swift */; };
		E5512CF62A80DB9300602494 /* 90.子集 II.swift in Sources */ = {isa = PBXBuildFile; fileRef = E5512CF52A80DB9300602494 /* 90.子集 II.swift */; };
		E5512CF82A80DCE600602494 /* 40.组合总和 II.swift in Sources */ = {isa = PBXBuildFile; fileRef = E5512CF72A80DCE600602494 /* 40.组合总和 II.swift */; };
		E5512CFA2A80E27A00602494 /* 47.全排列 II.swift in Sources */ = {isa = PBXBuildFile; fileRef = E5512CF92A80E27A00602494 /* 47.全排列 II.swift */; };
		E5512CFC2A80E2C700602494 /* 39.组合总和.swift in Sources */ = {isa = PBXBuildFile; fileRef = E5512CFB2A80E2C700602494 /* 39.组合总和.swift */; };
		E5512CFE2A80E39B00602494 /* 21.合并两个有序链表.swift in Sources */ = {isa = PBXBuildFile; fileRef = E5512CFD2A80E39B00602494 /* 21.合并两个有序链表.swift */; };
		E5512D002A80E42F00602494 /* 26.删除有序数组中的重复项.swift in Sources */ = {isa = PBXBuildFile; fileRef = E5512CFF2A80E42F00602494 /* 26.删除有序数组中的重复项.swift */; };
		E5512D022A80E46400602494 /* 27.移除元素.swift in Sources */ = {isa = PBXBuildFile; fileRef = E5512D012A80E46400602494 /* 27.移除元素.swift */; };
		E5512D042A80E4C600602494 /* 35.搜索插入位置.swift in Sources */ = {isa = PBXBuildFile; fileRef = E5512D032A80E4C600602494 /* 35.搜索插入位置.swift */; };
		E5512D062A80E59500602494 /* 52.N 皇后 II.swift in Sources */ = {isa = PBXBuildFile; fileRef = E5512D052A80E59500602494 /* 52.N 皇后 II.swift */; };
		E5512D082A80E63400602494 /* 83.删除排序链表中的重复元素.swift in Sources */ = {isa = PBXBuildFile; fileRef = E5512D072A80E63400602494 /* 83.删除排序链表中的重复元素.swift */; };
		E5512D0A2A80E7AC00602494 /* 160.相交链表.swift in Sources */ = {isa = PBXBuildFile; fileRef = E5512D092A80E7AC00602494 /* 160.相交链表.swift */; };
		E5512D0C2A80E7E800602494 /* 167.两数之和 II - 输入有序数组.swift in Sources */ = {isa = PBXBuildFile; fileRef = E5512D0B2A80E7E800602494 /* 167.两数之和 II - 输入有序数组.swift */; };
		E5512D0E2A80FD4200602494 /* 111.二叉树的最小深度.swift in Sources */ = {isa = PBXBuildFile; fileRef = E5512D0D2A80FD4200602494 /* 111.二叉树的最小深度.swift */; };
		E5512D102A81DAF800602494 /* 88.合并两个有序数组.swift in Sources */ = {isa = PBXBuildFile; fileRef = E5512D0F2A81DAF800602494 /* 88.合并两个有序数组.swift */; };
		E5512D122A81EC8700602494 /* 189.轮转数组.swift in Sources */ = {isa = PBXBuildFile; fileRef = E5512D112A81EC8700602494 /* 189.轮转数组.swift */; };
		E5512D142A822C5600602494 /* 121.买卖股票的最佳时机.swift in Sources */ = {isa = PBXBuildFile; fileRef = E5512D132A822C5600602494 /* 121.买卖股票的最佳时机.swift */; };
		E5512D162A8238B400602494 /* 122.买卖股票的最佳时机 II.swift in Sources */ = {isa = PBXBuildFile; fileRef = E5512D152A8238B400602494 /* 122.买卖股票的最佳时机 II.swift */; };
		E5512D1B2A82429A00602494 /* 1749.任意子数组和的绝对值的最大值.swift in Sources */ = {isa = PBXBuildFile; fileRef = E5512D1A2A82429A00602494 /* 1749.任意子数组和的绝对值的最大值.swift */; };
		E5512D1D2A82434E00602494 /* 53.最大子数组和.swift in Sources */ = {isa = PBXBuildFile; fileRef = E5512D1C2A82434E00602494 /* 53.最大子数组和.swift */; };
		E5512D1F2A8246D400602494 /* 752.打开转盘锁.swift in Sources */ = {isa = PBXBuildFile; fileRef = E5512D1E2A8246D400602494 /* 752.打开转盘锁.swift */; };
		E5512D212A8361EE00602494 /* 1281.整数的各位积和之差.swift in Sources */ = {isa = PBXBuildFile; fileRef = E5512D202A8361EE00602494 /* 1281.整数的各位积和之差.swift */; };
		E5512D232A8364E000602494 /* 34.在排序数组中查找元素的第一个和最后一个位置.swift in Sources */ = {isa = PBXBuildFile; fileRef = E5512D222A8364E000602494 /* 34.在排序数组中查找元素的第一个和最后一个位置.swift */; };
		E57677922A837C2D00B6F386 /* 76.最小覆盖子串.swift in Sources */ = {isa = PBXBuildFile; fileRef = E57677912A837C2D00B6F386 /* 76.最小覆盖子串.swift */; };
		E57677942A838B4A00B6F386 /* 567.字符串的排列.swift in Sources */ = {isa = PBXBuildFile; fileRef = E57677932A838B4A00B6F386 /* 567.字符串的排列.swift */; };
/* End PBXBuildFile section */

/* Begin PBXCopyFilesBuildPhase section */
		E5512CB62A78E67900602494 /* CopyFiles */ = {
			isa = PBXCopyFilesBuildPhase;
			buildActionMask = 2147483647;
			dstPath = /usr/share/man/man1/;
			dstSubfolderSpec = 0;
			files = (
			);
			runOnlyForDeploymentPostprocessing = 1;
		};
/* End PBXCopyFilesBuildPhase section */

/* Begin PBXFileReference section */
		E5512CB82A78E67900602494 /* swift-algorithm */ = {isa = PBXFileReference; explicitFileType = "compiled.mach-o.executable"; includeInIndex = 0; path = "swift-algorithm"; sourceTree = BUILT_PRODUCTS_DIR; };
		E5512CC42A78E6CD00602494 /* ListNode.swift */ = {isa = PBXFileReference; fileEncoding = 4; lastKnownFileType = sourcecode.swift; path = ListNode.swift; sourceTree = "<group>"; };
		E5512CC52A78E6CD00602494 /* main.swift */ = {isa = PBXFileReference; fileEncoding = 4; lastKnownFileType = sourcecode.swift; path = main.swift; sourceTree = "<group>"; };
		E5512CC92A790B5800602494 /* linkList.swift */ = {isa = PBXFileReference; fileEncoding = 4; lastKnownFileType = sourcecode.swift; path = linkList.swift; sourceTree = "<group>"; };
		E5512CCB2A790B5800602494 /* array.swift */ = {isa = PBXFileReference; fileEncoding = 4; lastKnownFileType = sourcecode.swift; path = array.swift; sourceTree = "<group>"; };
		E5512CCF2A7A451000602494 /* 1.两数之和.swift */ = {isa = PBXFileReference; lastKnownFileType = sourcecode.swift; path = "1.两数之和.swift"; sourceTree = "<group>"; };
		E5512CD22A7A456800602494 /* Solution.swift */ = {isa = PBXFileReference; lastKnownFileType = sourcecode.swift; path = Solution.swift; sourceTree = "<group>"; };
		E5512CD42A7A461A00602494 /* 5.最长回文子串.swift */ = {isa = PBXFileReference; lastKnownFileType = sourcecode.swift; path = "5.最长回文子串.swift"; sourceTree = "<group>"; };
		E5512CD62A7A465D00602494 /* 9.回文数.swift */ = {isa = PBXFileReference; lastKnownFileType = sourcecode.swift; path = "9.回文数.swift"; sourceTree = "<group>"; };
		E5512CD82A7A4ABD00602494 /* TreeNode.swift */ = {isa = PBXFileReference; lastKnownFileType = sourcecode.swift; path = TreeNode.swift; sourceTree = "<group>"; };
		E5512CDA2A7B401000602494 /* 104.二叉树的最大深度.swift */ = {isa = PBXFileReference; lastKnownFileType = sourcecode.swift; path = "104.二叉树的最大深度.swift"; sourceTree = "<group>"; };
		E5512CDC2A7B472D00602494 /* 144.二叉树的前序遍历.swift */ = {isa = PBXFileReference; lastKnownFileType = sourcecode.swift; path = "144.二叉树的前序遍历.swift"; sourceTree = "<group>"; };
		E5512CDE2A7B875F00602494 /* 543.二叉树的直径.swift */ = {isa = PBXFileReference; lastKnownFileType = sourcecode.swift; path = "543.二叉树的直径.swift"; sourceTree = "<group>"; };
		E5512CE02A7C9CA100602494 /* 509.斐波那契数.swift */ = {isa = PBXFileReference; lastKnownFileType = sourcecode.swift; path = "509.斐波那契数.swift"; sourceTree = "<group>"; };
		E5512CE22A7CD09E00602494 /* 322.零钱兑换.swift */ = {isa = PBXFileReference; lastKnownFileType = sourcecode.swift; path = "322.零钱兑换.swift"; sourceTree = "<group>"; };
		E5512CE42A7CF0AD00602494 /* 320.列举单词的全部缩写.swift */ = {isa = PBXFileReference; lastKnownFileType = sourcecode.swift; path = "320.列举单词的全部缩写.swift"; sourceTree = "<group>"; };
		E5512CE62A7CF0FA00602494 /* 314.二叉树的垂直遍历.swift */ = {isa = PBXFileReference; lastKnownFileType = sourcecode.swift; path = "314.二叉树的垂直遍历.swift"; sourceTree = "<group>"; };
		E5512CE82A7CF9CF00602494 /* 46.全排列.swift */ = {isa = PBXFileReference; lastKnownFileType = sourcecode.swift; path = "46.全排列.swift"; sourceTree = "<group>"; };
		E5512CEA2A808CDA00602494 /* 37.解数独.swift */ = {isa = PBXFileReference; lastKnownFileType = sourcecode.swift; path = "37.解数独.swift"; sourceTree = "<group>"; };
		E5512CEC2A808CFB00602494 /* 51.N 皇后.swift */ = {isa = PBXFileReference; lastKnownFileType = sourcecode.swift; path = "51.N 皇后.swift"; sourceTree = "<group>"; };
		E5512CEF2A80C2E900602494 /* 3.无重复字符的最长子串.swift */ = {isa = PBXFileReference; lastKnownFileType = sourcecode.swift; path = "3.无重复字符的最长子串.swift"; sourceTree = "<group>"; };
		E5512CF12A80CA6600602494 /* 78.子集.swift */ = {isa = PBXFileReference; lastKnownFileType = sourcecode.swift; path = "78.子集.swift"; sourceTree = "<group>"; };
		E5512CF32A80D38100602494 /* 77.组合.swift */ = {isa = PBXFileReference; lastKnownFileType = sourcecode.swift; path = "77.组合.swift"; sourceTree = "<group>"; };
		E5512CF52A80DB9300602494 /* 90.子集 II.swift */ = {isa = PBXFileReference; lastKnownFileType = sourcecode.swift; path = "90.子集 II.swift"; sourceTree = "<group>"; };
		E5512CF72A80DCE600602494 /* 40.组合总和 II.swift */ = {isa = PBXFileReference; lastKnownFileType = sourcecode.swift; path = "40.组合总和 II.swift"; sourceTree = "<group>"; };
		E5512CF92A80E27A00602494 /* 47.全排列 II.swift */ = {isa = PBXFileReference; lastKnownFileType = sourcecode.swift; path = "47.全排列 II.swift"; sourceTree = "<group>"; };
		E5512CFB2A80E2C700602494 /* 39.组合总和.swift */ = {isa = PBXFileReference; lastKnownFileType = sourcecode.swift; path = "39.组合总和.swift"; sourceTree = "<group>"; };
		E5512CFD2A80E39B00602494 /* 21.合并两个有序链表.swift */ = {isa = PBXFileReference; lastKnownFileType = sourcecode.swift; path = "21.合并两个有序链表.swift"; sourceTree = "<group>"; };
		E5512CFF2A80E42F00602494 /* 26.删除有序数组中的重复项.swift */ = {isa = PBXFileReference; lastKnownFileType = sourcecode.swift; path = "26.删除有序数组中的重复项.swift"; sourceTree = "<group>"; };
		E5512D012A80E46400602494 /* 27.移除元素.swift */ = {isa = PBXFileReference; lastKnownFileType = sourcecode.swift; path = "27.移除元素.swift"; sourceTree = "<group>"; };
		E5512D032A80E4C600602494 /* 35.搜索插入位置.swift */ = {isa = PBXFileReference; lastKnownFileType = sourcecode.swift; path = "35.搜索插入位置.swift"; sourceTree = "<group>"; };
		E5512D052A80E59500602494 /* 52.N 皇后 II.swift */ = {isa = PBXFileReference; lastKnownFileType = sourcecode.swift; path = "52.N 皇后 II.swift"; sourceTree = "<group>"; };
		E5512D072A80E63400602494 /* 83.删除排序链表中的重复元素.swift */ = {isa = PBXFileReference; lastKnownFileType = sourcecode.swift; path = "83.删除排序链表中的重复元素.swift"; sourceTree = "<group>"; };
		E5512D092A80E7AC00602494 /* 160.相交链表.swift */ = {isa = PBXFileReference; lastKnownFileType = sourcecode.swift; path = "160.相交链表.swift"; sourceTree = "<group>"; };
		E5512D0B2A80E7E800602494 /* 167.两数之和 II - 输入有序数组.swift */ = {isa = PBXFileReference; lastKnownFileType = sourcecode.swift; path = "167.两数之和 II - 输入有序数组.swift"; sourceTree = "<group>"; };
		E5512D0D2A80FD4200602494 /* 111.二叉树的最小深度.swift */ = {isa = PBXFileReference; lastKnownFileType = sourcecode.swift; path = "111.二叉树的最小深度.swift"; sourceTree = "<group>"; };
		E5512D0F2A81DAF800602494 /* 88.合并两个有序数组.swift */ = {isa = PBXFileReference; lastKnownFileType = sourcecode.swift; path = "88.合并两个有序数组.swift"; sourceTree = "<group>"; };
		E5512D112A81EC8700602494 /* 189.轮转数组.swift */ = {isa = PBXFileReference; lastKnownFileType = sourcecode.swift; path = "189.轮转数组.swift"; sourceTree = "<group>"; };
		E5512D132A822C5600602494 /* 121.买卖股票的最佳时机.swift */ = {isa = PBXFileReference; lastKnownFileType = sourcecode.swift; path = "121.买卖股票的最佳时机.swift"; sourceTree = "<group>"; };
		E5512D152A8238B400602494 /* 122.买卖股票的最佳时机 II.swift */ = {isa = PBXFileReference; lastKnownFileType = sourcecode.swift; path = "122.买卖股票的最佳时机 II.swift"; sourceTree = "<group>"; };
		E5512D1A2A82429A00602494 /* 1749.任意子数组和的绝对值的最大值.swift */ = {isa = PBXFileReference; lastKnownFileType = sourcecode.swift; path = "1749.任意子数组和的绝对值的最大值.swift"; sourceTree = "<group>"; };
		E5512D1C2A82434E00602494 /* 53.最大子数组和.swift */ = {isa = PBXFileReference; lastKnownFileType = sourcecode.swift; path = "53.最大子数组和.swift"; sourceTree = "<group>"; };
		E5512D1E2A8246D400602494 /* 752.打开转盘锁.swift */ = {isa = PBXFileReference; lastKnownFileType = sourcecode.swift; path = "752.打开转盘锁.swift"; sourceTree = "<group>"; };
		E5512D202A8361EE00602494 /* 1281.整数的各位积和之差.swift */ = {isa = PBXFileReference; lastKnownFileType = sourcecode.swift; path = "1281.整数的各位积和之差.swift"; sourceTree = "<group>"; };
		E5512D222A8364E000602494 /* 34.在排序数组中查找元素的第一个和最后一个位置.swift */ = {isa = PBXFileReference; lastKnownFileType = sourcecode.swift; path = "34.在排序数组中查找元素的第一个和最后一个位置.swift"; sourceTree = "<group>"; };
		E57677912A837C2D00B6F386 /* 76.最小覆盖子串.swift */ = {isa = PBXFileReference; lastKnownFileType = sourcecode.swift; path = "76.最小覆盖子串.swift"; sourceTree = "<group>"; };
		E57677932A838B4A00B6F386 /* 567.字符串的排列.swift */ = {isa = PBXFileReference; lastKnownFileType = sourcecode.swift; path = "567.字符串的排列.swift"; sourceTree = "<group>"; };
/* End PBXFileReference section */

/* Begin PBXFrameworksBuildPhase section */
		E5512CB52A78E67900602494 /* Frameworks */ = {
			isa = PBXFrameworksBuildPhase;
			buildActionMask = 2147483647;
			files = (
			);
			runOnlyForDeploymentPostprocessing = 0;
		};
/* End PBXFrameworksBuildPhase section */

/* Begin PBXGroup section */
		E5512CAF2A78E67900602494 = {
			isa = PBXGroup;
			children = (
				E5512CB92A78E67900602494 /* Products */,
				E5512CC22A78E6CD00602494 /* Sources */,
			);
			sourceTree = "<group>";
		};
		E5512CB92A78E67900602494 /* Products */ = {
			isa = PBXGroup;
			children = (
				E5512CB82A78E67900602494 /* swift-algorithm */,
			);
			name = Products;
			sourceTree = "<group>";
		};
		E5512CC22A78E6CD00602494 /* Sources */ = {
			isa = PBXGroup;
			children = (
				E5512CEE2A80BE1E00602494 /* LCR */,
				E5512CCE2A7A44F500602494 /* Leetcode */,
				E5512CC52A78E6CD00602494 /* main.swift */,
				E5512CCA2A790B5800602494 /* 数组双指针技巧 */,
				E5512CC82A790B5800602494 /* 链表双指针技巧 */,
			);
			path = Sources;
			sourceTree = "<group>";
		};
		E5512CC82A790B5800602494 /* 链表双指针技巧 */ = {
			isa = PBXGroup;
			children = (
				E5512CC92A790B5800602494 /* linkList.swift */,
			);
			path = "链表双指针技巧";
			sourceTree = "<group>";
		};
		E5512CCA2A790B5800602494 /* 数组双指针技巧 */ = {
			isa = PBXGroup;
			children = (
				E5512CCB2A790B5800602494 /* array.swift */,
			);
			path = "数组双指针技巧";
			sourceTree = "<group>";
		};
		E5512CCE2A7A44F500602494 /* Leetcode */ = {
			isa = PBXGroup;
			children = (
				E5512CCF2A7A451000602494 /* 1.两数之和.swift */,
				E5512CDA2A7B401000602494 /* 104.二叉树的最大深度.swift */,
				E5512D0D2A80FD4200602494 /* 111.二叉树的最小深度.swift */,
				E5512D132A822C5600602494 /* 121.买卖股票的最佳时机.swift */,
				E5512D152A8238B400602494 /* 122.买卖股票的最佳时机 II.swift */,
				E5512D202A8361EE00602494 /* 1281.整数的各位积和之差.swift */,
				E5512CDC2A7B472D00602494 /* 144.二叉树的前序遍历.swift */,
				E5512D092A80E7AC00602494 /* 160.相交链表.swift */,
				E5512D0B2A80E7E800602494 /* 167.两数之和 II - 输入有序数组.swift */,
				E5512D1A2A82429A00602494 /* 1749.任意子数组和的绝对值的最大值.swift */,
				E5512D112A81EC8700602494 /* 189.轮转数组.swift */,
				E5512CFD2A80E39B00602494 /* 21.合并两个有序链表.swift */,
				E5512CFF2A80E42F00602494 /* 26.删除有序数组中的重复项.swift */,
				E5512D012A80E46400602494 /* 27.移除元素.swift */,
				E5512CEF2A80C2E900602494 /* 3.无重复字符的最长子串.swift */,
				E5512CE62A7CF0FA00602494 /* 314.二叉树的垂直遍历.swift */,
				E5512CE42A7CF0AD00602494 /* 320.列举单词的全部缩写.swift */,
				E5512CE22A7CD09E00602494 /* 322.零钱兑换.swift */,
				E5512D222A8364E000602494 /* 34.在排序数组中查找元素的第一个和最后一个位置.swift */,
				E5512D032A80E4C600602494 /* 35.搜索插入位置.swift */,
				E5512CEA2A808CDA00602494 /* 37.解数独.swift */,
				E5512CFB2A80E2C700602494 /* 39.组合总和.swift */,
				E5512CF72A80DCE600602494 /* 40.组合总和 II.swift */,
				E5512CE82A7CF9CF00602494 /* 46.全排列.swift */,
				E5512CF92A80E27A00602494 /* 47.全排列 II.swift */,
				E5512CD42A7A461A00602494 /* 5.最长回文子串.swift */,
				E5512CE02A7C9CA100602494 /* 509.斐波那契数.swift */,
				E5512CEC2A808CFB00602494 /* 51.N 皇后.swift */,
				E5512D052A80E59500602494 /* 52.N 皇后 II.swift */,
				E5512D1C2A82434E00602494 /* 53.最大子数组和.swift */,
				E5512CDE2A7B875F00602494 /* 543.二叉树的直径.swift */,
				E57677932A838B4A00B6F386 /* 567.字符串的排列.swift */,
				E5512D1E2A8246D400602494 /* 752.打开转盘锁.swift */,
				E57677912A837C2D00B6F386 /* 76.最小覆盖子串.swift */,
				E5512CF32A80D38100602494 /* 77.组合.swift */,
				E5512CF12A80CA6600602494 /* 78.子集.swift */,
				E5512D072A80E63400602494 /* 83.删除排序链表中的重复元素.swift */,
				E5512D0F2A81DAF800602494 /* 88.合并两个有序数组.swift */,
				E5512CD62A7A465D00602494 /* 9.回文数.swift */,
				E5512CF52A80DB9300602494 /* 90.子集 II.swift */,
				E5512CD12A7A454400602494 /* Common */,
			);
			path = Leetcode;
			sourceTree = "<group>";
		};
		E5512CD12A7A454400602494 /* Common */ = {
			isa = PBXGroup;
			children = (
				E5512CC42A78E6CD00602494 /* ListNode.swift */,
				E5512CD22A7A456800602494 /* Solution.swift */,
				E5512CD82A7A4ABD00602494 /* TreeNode.swift */,
			);
			path = Common;
			sourceTree = "<group>";
		};
		E5512CEE2A80BE1E00602494 /* LCR */ = {
			isa = PBXGroup;
			children = (
			);
			path = LCR;
			sourceTree = "<group>";
		};
/* End PBXGroup section */

/* Begin PBXNativeTarget section */
		E5512CB72A78E67900602494 /* swift-algorithm */ = {
			isa = PBXNativeTarget;
			buildConfigurationList = E5512CBF2A78E67900602494 /* Build configuration list for PBXNativeTarget "swift-algorithm" */;
			buildPhases = (
				E5512CB42A78E67900602494 /* Sources */,
				E5512CB52A78E67900602494 /* Frameworks */,
				E5512CB62A78E67900602494 /* CopyFiles */,
			);
			buildRules = (
			);
			dependencies = (
			);
			name = "swift-algorithm";
			productName = "swift-algorithm";
			productReference = E5512CB82A78E67900602494 /* swift-algorithm */;
			productType = "com.apple.product-type.tool";
		};
/* End PBXNativeTarget section */

/* Begin PBXProject section */
		E5512CB02A78E67900602494 /* Project object */ = {
			isa = PBXProject;
			attributes = {
				BuildIndependentTargetsInParallel = 1;
				LastSwiftUpdateCheck = 1420;
				LastUpgradeCheck = 1420;
				TargetAttributes = {
					E5512CB72A78E67900602494 = {
						CreatedOnToolsVersion = 14.2;
					};
				};
			};
			buildConfigurationList = E5512CB32A78E67900602494 /* Build configuration list for PBXProject "swift-algorithm" */;
			compatibilityVersion = "Xcode 14.0";
			developmentRegion = en;
			hasScannedForEncodings = 0;
			knownRegions = (
				en,
				Base,
			);
			mainGroup = E5512CAF2A78E67900602494;
			productRefGroup = E5512CB92A78E67900602494 /* Products */;
			projectDirPath = "";
			projectRoot = "";
			targets = (
				E5512CB72A78E67900602494 /* swift-algorithm */,
			);
		};
/* End PBXProject section */

/* Begin PBXSourcesBuildPhase section */
		E5512CB42A78E67900602494 /* Sources */ = {
			isa = PBXSourcesBuildPhase;
			buildActionMask = 2147483647;
			files = (
				E5512CD02A7A451000602494 /* 1.两数之和.swift in Sources */,
				E5512CDB2A7B401000602494 /* 104.二叉树的最大深度.swift in Sources */,
				E5512D0E2A80FD4200602494 /* 111.二叉树的最小深度.swift in Sources */,
				E5512D142A822C5600602494 /* 121.买卖股票的最佳时机.swift in Sources */,
				E5512D162A8238B400602494 /* 122.买卖股票的最佳时机 II.swift in Sources */,
				E5512CDD2A7B472D00602494 /* 144.二叉树的前序遍历.swift in Sources */,
				E5512D0A2A80E7AC00602494 /* 160.相交链表.swift in Sources */,
				E5512D0C2A80E7E800602494 /* 167.两数之和 II - 输入有序数组.swift in Sources */,
				E5512D1B2A82429A00602494 /* 1749.任意子数组和的绝对值的最大值.swift in Sources */,
				E5512D122A81EC8700602494 /* 189.轮转数组.swift in Sources */,
				E5512D212A8361EE00602494 /* 1281.整数的各位积和之差.swift in Sources */,
				E5512CFE2A80E39B00602494 /* 21.合并两个有序链表.swift in Sources */,
				E5512D002A80E42F00602494 /* 26.删除有序数组中的重复项.swift in Sources */,
				E5512D022A80E46400602494 /* 27.移除元素.swift in Sources */,
				E5512CF02A80C2E900602494 /* 3.无重复字符的最长子串.swift in Sources */,
				E57677942A838B4A00B6F386 /* 567.字符串的排列.swift in Sources */,
				E5512CE72A7CF0FA00602494 /* 314.二叉树的垂直遍历.swift in Sources */,
				E5512CE52A7CF0AD00602494 /* 320.列举单词的全部缩写.swift in Sources */,
				E5512CE32A7CD09E00602494 /* 322.零钱兑换.swift in Sources */,
				E5512D042A80E4C600602494 /* 35.搜索插入位置.swift in Sources */,
				E5512CEB2A808CDA00602494 /* 37.解数独.swift in Sources */,
				E5512CFC2A80E2C700602494 /* 39.组合总和.swift in Sources */,
				E5512CF82A80DCE600602494 /* 40.组合总和 II.swift in Sources */,
				E5512CE92A7CF9CF00602494 /* 46.全排列.swift in Sources */,
				E5512CFA2A80E27A00602494 /* 47.全排列 II.swift in Sources */,
				E5512CD52A7A461A00602494 /* 5.最长回文子串.swift in Sources */,
				E5512CE12A7C9CA100602494 /* 509.斐波那契数.swift in Sources */,
				E5512CED2A808CFB00602494 /* 51.N 皇后.swift in Sources */,
				E5512D232A8364E000602494 /* 34.在排序数组中查找元素的第一个和最后一个位置.swift in Sources */,
				E5512D062A80E59500602494 /* 52.N 皇后 II.swift in Sources */,
				E57677922A837C2D00B6F386 /* 76.最小覆盖子串.swift in Sources */,
				E5512D1D2A82434E00602494 /* 53.最大子数组和.swift in Sources */,
				E5512CDF2A7B875F00602494 /* 543.二叉树的直径.swift in Sources */,
				E5512D1F2A8246D400602494 /* 752.打开转盘锁.swift in Sources */,
				E5512CF42A80D38100602494 /* 77.组合.swift in Sources */,
				E5512CF22A80CA6600602494 /* 78.子集.swift in Sources */,
				E5512D082A80E63400602494 /* 83.删除排序链表中的重复元素.swift in Sources */,
				E5512D102A81DAF800602494 /* 88.合并两个有序数组.swift in Sources */,
				E5512CD72A7A465D00602494 /* 9.回文数.swift in Sources */,
				E5512CF62A80DB9300602494 /* 90.子集 II.swift in Sources */,
				E5512CCD2A790B5800602494 /* array.swift in Sources */,
				E5512CCC2A790B5800602494 /* linkList.swift in Sources */,
				E5512CC62A78E6CD00602494 /* ListNode.swift in Sources */,
				E5512CC72A78E6CD00602494 /* main.swift in Sources */,
				E5512CD32A7A456800602494 /* Solution.swift in Sources */,
				E5512CD92A7A4ABD00602494 /* TreeNode.swift in Sources */,
			);
			runOnlyForDeploymentPostprocessing = 0;
		};
/* End PBXSourcesBuildPhase section */

/* Begin XCBuildConfiguration section */
		E5512CBD2A78E67900602494 /* Debug */ = {
			isa = XCBuildConfiguration;
			buildSettings = {
				ALWAYS_SEARCH_USER_PATHS = NO;
				CLANG_ANALYZER_NONNULL = YES;
				CLANG_ANALYZER_NUMBER_OBJECT_CONVERSION = YES_AGGRESSIVE;
				CLANG_CXX_LANGUAGE_STANDARD = "gnu++20";
				CLANG_ENABLE_MODULES = YES;
				CLANG_ENABLE_OBJC_ARC = YES;
				CLANG_ENABLE_OBJC_WEAK = YES;
				CLANG_WARN_BLOCK_CAPTURE_AUTORELEASING = YES;
				CLANG_WARN_BOOL_CONVERSION = YES;
				CLANG_WARN_COMMA = YES;
				CLANG_WARN_CONSTANT_CONVERSION = YES;
				CLANG_WARN_DEPRECATED_OBJC_IMPLEMENTATIONS = YES;
				CLANG_WARN_DIRECT_OBJC_ISA_USAGE = YES_ERROR;
				CLANG_WARN_DOCUMENTATION_COMMENTS = YES;
				CLANG_WARN_EMPTY_BODY = YES;
				CLANG_WARN_ENUM_CONVERSION = YES;
				CLANG_WARN_INFINITE_RECURSION = YES;
				CLANG_WARN_INT_CONVERSION = YES;
				CLANG_WARN_NON_LITERAL_NULL_CONVERSION = YES;
				CLANG_WARN_OBJC_IMPLICIT_RETAIN_SELF = YES;
				CLANG_WARN_OBJC_LITERAL_CONVERSION = YES;
				CLANG_WARN_OBJC_ROOT_CLASS = YES_ERROR;
				CLANG_WARN_QUOTED_INCLUDE_IN_FRAMEWORK_HEADER = YES;
				CLANG_WARN_RANGE_LOOP_ANALYSIS = YES;
				CLANG_WARN_STRICT_PROTOTYPES = YES;
				CLANG_WARN_SUSPICIOUS_MOVE = YES;
				CLANG_WARN_UNGUARDED_AVAILABILITY = YES_AGGRESSIVE;
				CLANG_WARN_UNREACHABLE_CODE = YES;
				CLANG_WARN__DUPLICATE_METHOD_MATCH = YES;
				COPY_PHASE_STRIP = NO;
				DEBUG_INFORMATION_FORMAT = dwarf;
				ENABLE_STRICT_OBJC_MSGSEND = YES;
				ENABLE_TESTABILITY = YES;
				GCC_C_LANGUAGE_STANDARD = gnu11;
				GCC_DYNAMIC_NO_PIC = NO;
				GCC_NO_COMMON_BLOCKS = YES;
				GCC_OPTIMIZATION_LEVEL = 0;
				GCC_PREPROCESSOR_DEFINITIONS = (
					"DEBUG=1",
					"$(inherited)",
				);
				GCC_WARN_64_TO_32_BIT_CONVERSION = YES;
				GCC_WARN_ABOUT_RETURN_TYPE = YES_ERROR;
				GCC_WARN_UNDECLARED_SELECTOR = YES;
				GCC_WARN_UNINITIALIZED_AUTOS = YES_AGGRESSIVE;
				GCC_WARN_UNUSED_FUNCTION = YES;
				GCC_WARN_UNUSED_VARIABLE = YES;
				MACOSX_DEPLOYMENT_TARGET = 13.1;
				MTL_ENABLE_DEBUG_INFO = INCLUDE_SOURCE;
				MTL_FAST_MATH = YES;
				ONLY_ACTIVE_ARCH = YES;
				SDKROOT = macosx;
				SWIFT_ACTIVE_COMPILATION_CONDITIONS = DEBUG;
				SWIFT_OPTIMIZATION_LEVEL = "-Onone";
			};
			name = Debug;
		};
		E5512CBE2A78E67900602494 /* Release */ = {
			isa = XCBuildConfiguration;
			buildSettings = {
				ALWAYS_SEARCH_USER_PATHS = NO;
				CLANG_ANALYZER_NONNULL = YES;
				CLANG_ANALYZER_NUMBER_OBJECT_CONVERSION = YES_AGGRESSIVE;
				CLANG_CXX_LANGUAGE_STANDARD = "gnu++20";
				CLANG_ENABLE_MODULES = YES;
				CLANG_ENABLE_OBJC_ARC = YES;
				CLANG_ENABLE_OBJC_WEAK = YES;
				CLANG_WARN_BLOCK_CAPTURE_AUTORELEASING = YES;
				CLANG_WARN_BOOL_CONVERSION = YES;
				CLANG_WARN_COMMA = YES;
				CLANG_WARN_CONSTANT_CONVERSION = YES;
				CLANG_WARN_DEPRECATED_OBJC_IMPLEMENTATIONS = YES;
				CLANG_WARN_DIRECT_OBJC_ISA_USAGE = YES_ERROR;
				CLANG_WARN_DOCUMENTATION_COMMENTS = YES;
				CLANG_WARN_EMPTY_BODY = YES;
				CLANG_WARN_ENUM_CONVERSION = YES;
				CLANG_WARN_INFINITE_RECURSION = YES;
				CLANG_WARN_INT_CONVERSION = YES;
				CLANG_WARN_NON_LITERAL_NULL_CONVERSION = YES;
				CLANG_WARN_OBJC_IMPLICIT_RETAIN_SELF = YES;
				CLANG_WARN_OBJC_LITERAL_CONVERSION = YES;
				CLANG_WARN_OBJC_ROOT_CLASS = YES_ERROR;
				CLANG_WARN_QUOTED_INCLUDE_IN_FRAMEWORK_HEADER = YES;
				CLANG_WARN_RANGE_LOOP_ANALYSIS = YES;
				CLANG_WARN_STRICT_PROTOTYPES = YES;
				CLANG_WARN_SUSPICIOUS_MOVE = YES;
				CLANG_WARN_UNGUARDED_AVAILABILITY = YES_AGGRESSIVE;
				CLANG_WARN_UNREACHABLE_CODE = YES;
				CLANG_WARN__DUPLICATE_METHOD_MATCH = YES;
				COPY_PHASE_STRIP = NO;
				DEBUG_INFORMATION_FORMAT = "dwarf-with-dsym";
				ENABLE_NS_ASSERTIONS = NO;
				ENABLE_STRICT_OBJC_MSGSEND = YES;
				GCC_C_LANGUAGE_STANDARD = gnu11;
				GCC_NO_COMMON_BLOCKS = YES;
				GCC_WARN_64_TO_32_BIT_CONVERSION = YES;
				GCC_WARN_ABOUT_RETURN_TYPE = YES_ERROR;
				GCC_WARN_UNDECLARED_SELECTOR = YES;
				GCC_WARN_UNINITIALIZED_AUTOS = YES_AGGRESSIVE;
				GCC_WARN_UNUSED_FUNCTION = YES;
				GCC_WARN_UNUSED_VARIABLE = YES;
				MACOSX_DEPLOYMENT_TARGET = 13.1;
				MTL_ENABLE_DEBUG_INFO = NO;
				MTL_FAST_MATH = YES;
				SDKROOT = macosx;
				SWIFT_COMPILATION_MODE = wholemodule;
				SWIFT_OPTIMIZATION_LEVEL = "-O";
			};
			name = Release;
		};
		E5512CC02A78E67900602494 /* Debug */ = {
			isa = XCBuildConfiguration;
			buildSettings = {
				CODE_SIGN_STYLE = Automatic;
				PRODUCT_NAME = "$(TARGET_NAME)";
				SWIFT_VERSION = 5.0;
			};
			name = Debug;
		};
		E5512CC12A78E67900602494 /* Release */ = {
			isa = XCBuildConfiguration;
			buildSettings = {
				CODE_SIGN_STYLE = Automatic;
				PRODUCT_NAME = "$(TARGET_NAME)";
				SWIFT_VERSION = 5.0;
			};
			name = Release;
		};
/* End XCBuildConfiguration section */

/* Begin XCConfigurationList section */
		E5512CB32A78E67900602494 /* Build configuration list for PBXProject "swift-algorithm" */ = {
			isa = XCConfigurationList;
			buildConfigurations = (
				E5512CBD2A78E67900602494 /* Debug */,
				E5512CBE2A78E67900602494 /* Release */,
			);
			defaultConfigurationIsVisible = 0;
			defaultConfigurationName = Release;
		};
		E5512CBF2A78E67900602494 /* Build configuration list for PBXNativeTarget "swift-algorithm" */ = {
			isa = XCConfigurationList;
			buildConfigurations = (
				E5512CC02A78E67900602494 /* Debug */,
				E5512CC12A78E67900602494 /* Release */,
			);
			defaultConfigurationIsVisible = 0;
			defaultConfigurationName = Release;
		};
/* End XCConfigurationList section */
	};
	rootObject = E5512CB02A78E67900602494 /* Project object */;
}
